// !$*UTF8*$!
{
	archiveVersion = 1;
	classes = {
	};
	objectVersion = 46;
	objects = {

/* Begin PBXBuildFile section */
		16024A3A1559F74400D84546 /* download.png in Resources */ = {isa = PBXBuildFile; fileRef = 16024A381559F74400D84546 /* download.png */; };
		16024A3B1559F74400D84546 /* download@2x.png in Resources */ = {isa = PBXBuildFile; fileRef = 16024A391559F74400D84546 /* download@2x.png */; };
		16024A3F1559F9B000D84546 /* DownloadsViewController.m in Sources */ = {isa = PBXBuildFile; fileRef = 16024A3D1559F9B000D84546 /* DownloadsViewController.m */; };
		16024A401559F9B000D84546 /* DownloadsViewController.xib in Resources */ = {isa = PBXBuildFile; fileRef = 16024A3E1559F9B000D84546 /* DownloadsViewController.xib */; };
		1616E2781534A6030029E916 /* CodigoCivil.plist in Resources */ = {isa = PBXBuildFile; fileRef = 1616E2751534A6030029E916 /* CodigoCivil.plist */; };
		1616E2791534A6030029E916 /* Electoral.plist in Resources */ = {isa = PBXBuildFile; fileRef = 1616E2761534A6030029E916 /* Electoral.plist */; };
		1616E27A1534A6030029E916 /* Transito.plist in Resources */ = {isa = PBXBuildFile; fileRef = 1616E2771534A6030029E916 /* Transito.plist */; };
		1617A40114A2FC570016AAF1 /* list.png in Resources */ = {isa = PBXBuildFile; fileRef = 1617A3FF14A2FC570016AAF1 /* list.png */; };
		1617A40214A2FC570016AAF1 /* list@2x.png in Resources */ = {isa = PBXBuildFile; fileRef = 1617A40014A2FC570016AAF1 /* list@2x.png */; };
		1617A41B14A3184C0016AAF1 /* left_arrow.png in Resources */ = {isa = PBXBuildFile; fileRef = 1617A41714A3184C0016AAF1 /* left_arrow.png */; };
		1617A41C14A3184C0016AAF1 /* left_arrow@2x.png in Resources */ = {isa = PBXBuildFile; fileRef = 1617A41814A3184C0016AAF1 /* left_arrow@2x.png */; };
		1617A41D14A3184C0016AAF1 /* right_arrow.png in Resources */ = {isa = PBXBuildFile; fileRef = 1617A41914A3184C0016AAF1 /* right_arrow.png */; };
		1617A41E14A3184C0016AAF1 /* right_arrow@2x.png in Resources */ = {isa = PBXBuildFile; fileRef = 1617A41A14A3184C0016AAF1 /* right_arrow@2x.png */; };
		1619833E14F684EE0024302E /* PuertoRicoLawBooks.plist in Resources */ = {isa = PBXBuildFile; fileRef = 1619833D14F684EE0024302E /* PuertoRicoLawBooks.plist */; };
		161B5D6814B3598400700D86 /* orgchart.png in Resources */ = {isa = PBXBuildFile; fileRef = 161B5D6614B3598400700D86 /* orgchart.png */; };
		161B5D6914B3598400700D86 /* orgchart@2x.png in Resources */ = {isa = PBXBuildFile; fileRef = 161B5D6714B3598400700D86 /* orgchart@2x.png */; };
		161D27311537A61700118393 /* libRestKit.a in Frameworks */ = {isa = PBXBuildFile; fileRef = 16240C21153771440052E274 /* libRestKit.a */; };
		1620F80114A196910070E512 /* FileHelpers.m in Sources */ = {isa = PBXBuildFile; fileRef = 1620F80014A196910070E512 /* FileHelpers.m */; };
		16240C33153773740052E274 /* CFNetwork.framework in Frameworks */ = {isa = PBXBuildFile; fileRef = 16240C2D153773740052E274 /* CFNetwork.framework */; };
		16240C34153773740052E274 /* CoreData.framework in Frameworks */ = {isa = PBXBuildFile; fileRef = 16240C2E153773740052E274 /* CoreData.framework */; };
		16240C35153773740052E274 /* libxml2.dylib in Frameworks */ = {isa = PBXBuildFile; fileRef = 16240C2F153773740052E274 /* libxml2.dylib */; };
		16240C36153773740052E274 /* MobileCoreServices.framework in Frameworks */ = {isa = PBXBuildFile; fileRef = 16240C30153773740052E274 /* MobileCoreServices.framework */; };
		16240C37153773740052E274 /* QuartzCore.framework in Frameworks */ = {isa = PBXBuildFile; fileRef = 16240C31153773740052E274 /* QuartzCore.framework */; };
		16240C38153773740052E274 /* SystemConfiguration.framework in Frameworks */ = {isa = PBXBuildFile; fileRef = 16240C32153773740052E274 /* SystemConfiguration.framework */; };
		162B2851155B43D3001451B7 /* DownloadTableViewCell.m in Sources */ = {isa = PBXBuildFile; fileRef = 162B2850155B43D3001451B7 /* DownloadTableViewCell.m */; };
		1631D87414B4E98D00F77790 /* SearchWebView.js in Resources */ = {isa = PBXBuildFile; fileRef = 16DFA24B14B4C79C00517778 /* SearchWebView.js */; };
		163252FD150510DC00259E10 /* CodigoPenal2004.plist in Resources */ = {isa = PBXBuildFile; fileRef = 163252F4150510DC00259E10 /* CodigoPenal2004.plist */; };
		163252FE150510DC00259E10 /* ConstitucionPR.plist in Resources */ = {isa = PBXBuildFile; fileRef = 163252F5150510DC00259E10 /* ConstitucionPR.plist */; };
		163252FF150510DC00259E10 /* Notarial.plist in Resources */ = {isa = PBXBuildFile; fileRef = 163252F6150510DC00259E10 /* Notarial.plist */; };
		16325300150510DC00259E10 /* ProcedimientoAdministrativoUniforme.plist in Resources */ = {isa = PBXBuildFile; fileRef = 163252F7150510DC00259E10 /* ProcedimientoAdministrativoUniforme.plist */; };
		16325301150510DC00259E10 /* ReglasEvidencia2009.plist in Resources */ = {isa = PBXBuildFile; fileRef = 163252F8150510DC00259E10 /* ReglasEvidencia2009.plist */; };
		16325302150510DC00259E10 /* ReglasProcedimientoCivil2009.plist in Resources */ = {isa = PBXBuildFile; fileRef = 163252F9150510DC00259E10 /* ReglasProcedimientoCivil2009.plist */; };
		16325303150510DC00259E10 /* ReglasProcedimientoCriminal.plist in Resources */ = {isa = PBXBuildFile; fileRef = 163252FA150510DC00259E10 /* ReglasProcedimientoCriminal.plist */; };
		16325304150510DC00259E10 /* ViolenciaDomestica.plist in Resources */ = {isa = PBXBuildFile; fileRef = 163252FB150510DC00259E10 /* ViolenciaDomestica.plist */; };
		1632531A1505182300259E10 /* Icon-72.png in Resources */ = {isa = PBXBuildFile; fileRef = 163253131505182300259E10 /* Icon-72.png */; };
		1632531B1505182300259E10 /* Icon-Small-50.png in Resources */ = {isa = PBXBuildFile; fileRef = 163253141505182300259E10 /* Icon-Small-50.png */; };
		1632531C1505182300259E10 /* Icon-Small.png in Resources */ = {isa = PBXBuildFile; fileRef = 163253151505182300259E10 /* Icon-Small.png */; };
		1632531D1505182300259E10 /* Icon-Small@2x.png in Resources */ = {isa = PBXBuildFile; fileRef = 163253161505182300259E10 /* Icon-Small@2x.png */; };
		1632531E1505182300259E10 /* Icon.png in Resources */ = {isa = PBXBuildFile; fileRef = 163253171505182300259E10 /* Icon.png */; };
		1632531F1505182300259E10 /* Icon@2x.png in Resources */ = {isa = PBXBuildFile; fileRef = 163253181505182300259E10 /* Icon@2x.png */; };
		163253201505182300259E10 /* iTunesArtwork in Resources */ = {isa = PBXBuildFile; fileRef = 163253191505182300259E10 /* iTunesArtwork */; };
		163E2B2614B33FAF008C50DE /* SearchViewController.m in Sources */ = {isa = PBXBuildFile; fileRef = 163E2B2414B33FAF008C50DE /* SearchViewController.m */; };
		163E2B2714B33FAF008C50DE /* SearchViewController.xib in Resources */ = {isa = PBXBuildFile; fileRef = 163E2B2514B33FAF008C50DE /* SearchViewController.xib */; };
		1646AB2914A3AB7100B27123 /* BookTableView.m in Sources */ = {isa = PBXBuildFile; fileRef = 1646AB2814A3AB7100B27123 /* BookTableView.m */; };
		1646AB2C14A3B55800B27123 /* BookTableViewCell.m in Sources */ = {isa = PBXBuildFile; fileRef = 1646AB2B14A3B55800B27123 /* BookTableViewCell.m */; };
		164DF0F314A29D160087CBD2 /* SettingsViewController.m in Sources */ = {isa = PBXBuildFile; fileRef = 164DF0F114A29D160087CBD2 /* SettingsViewController.m */; };
		164DF0F414A29D160087CBD2 /* SettingsViewController.xib in Resources */ = {isa = PBXBuildFile; fileRef = 164DF0F214A29D160087CBD2 /* SettingsViewController.xib */; };
		164DF0F714A2A14D0087CBD2 /* magnify_mini.png in Resources */ = {isa = PBXBuildFile; fileRef = 164DF0F514A2A14D0087CBD2 /* magnify_mini.png */; };
		164DF0F814A2A14D0087CBD2 /* magnify_mini@2x.png in Resources */ = {isa = PBXBuildFile; fileRef = 164DF0F614A2A14D0087CBD2 /* magnify_mini@2x.png */; };
		164DF10714A2B1B90087CBD2 /* house.png in Resources */ = {isa = PBXBuildFile; fileRef = 164DF0FB14A2B1B90087CBD2 /* house.png */; };
		164DF10814A2B1B90087CBD2 /* house@2x.png in Resources */ = {isa = PBXBuildFile; fileRef = 164DF0FC14A2B1B90087CBD2 /* house@2x.png */; };
		164DF10F14A2B1B90087CBD2 /* star.png in Resources */ = {isa = PBXBuildFile; fileRef = 164DF10314A2B1B90087CBD2 /* star.png */; };
		164DF11014A2B1B90087CBD2 /* star@2x.png in Resources */ = {isa = PBXBuildFile; fileRef = 164DF10414A2B1B90087CBD2 /* star@2x.png */; };
		164DF11314A2B6B20087CBD2 /* gears.png in Resources */ = {isa = PBXBuildFile; fileRef = 164DF11114A2B6B20087CBD2 /* gears.png */; };
		164DF11414A2B6B20087CBD2 /* gears@2x.png in Resources */ = {isa = PBXBuildFile; fileRef = 164DF11214A2B6B20087CBD2 /* gears@2x.png */; };
		1659E6DE1534D29200E52053 /* Default-Landscape.png in Resources */ = {isa = PBXBuildFile; fileRef = 1659E6DA1534D29200E52053 /* Default-Landscape.png */; };
		1659E6DF1534D29200E52053 /* Default-Landscape@2x.png in Resources */ = {isa = PBXBuildFile; fileRef = 1659E6DB1534D29200E52053 /* Default-Landscape@2x.png */; };
		1659E6E01534D29200E52053 /* Default-Portrait.png in Resources */ = {isa = PBXBuildFile; fileRef = 1659E6DC1534D29200E52053 /* Default-Portrait.png */; };
		1659E6E11534D29200E52053 /* Default-Portrait@2x.png in Resources */ = {isa = PBXBuildFile; fileRef = 1659E6DD1534D29200E52053 /* Default-Portrait@2x.png */; };
		165BB8EE14A38758000F8BF3 /* Settings.m in Sources */ = {isa = PBXBuildFile; fileRef = 165BB8ED14A38758000F8BF3 /* Settings.m */; };
		165CAC0914AAA78C007469DC /* trash_mini.png in Resources */ = {isa = PBXBuildFile; fileRef = 165CAC0714AAA78C007469DC /* trash_mini.png */; };
		165CAC0A14AAA78C007469DC /* trash_mini@2x.png in Resources */ = {isa = PBXBuildFile; fileRef = 165CAC0814AAA78C007469DC /* trash_mini@2x.png */; };
		165DCF0314A409300045F8EC /* star_cell_selected.png in Resources */ = {isa = PBXBuildFile; fileRef = 165DCEFF14A409300045F8EC /* star_cell_selected.png */; };
		165DCF0414A409300045F8EC /* star_cell_selected@2x.png in Resources */ = {isa = PBXBuildFile; fileRef = 165DCF0014A409300045F8EC /* star_cell_selected@2x.png */; };
		165DCF0514A409300045F8EC /* star_cell.png in Resources */ = {isa = PBXBuildFile; fileRef = 165DCF0114A409300045F8EC /* star_cell.png */; };
		165DCF0614A409300045F8EC /* star_cell@2x.png in Resources */ = {isa = PBXBuildFile; fileRef = 165DCF0214A409300045F8EC /* star_cell@2x.png */; };
		1661C59B14BF333300C5603F /* Settings.bundle in Resources */ = {isa = PBXBuildFile; fileRef = 1661C59A14BF333300C5603F /* Settings.bundle */; };
		1663261D14A65249003279C3 /* SectionTableViewCell.m in Sources */ = {isa = PBXBuildFile; fileRef = 1663261C14A65249003279C3 /* SectionTableViewCell.m */; };
		16690F26150660D700AC452F /* LocalyticsDatabase.m in Sources */ = {isa = PBXBuildFile; fileRef = 16690F20150660D700AC452F /* LocalyticsDatabase.m */; settings = {COMPILER_FLAGS = "-fno-objc-arc"; }; };
		16690F27150660D700AC452F /* LocalyticsSession.m in Sources */ = {isa = PBXBuildFile; fileRef = 16690F22150660D700AC452F /* LocalyticsSession.m */; settings = {COMPILER_FLAGS = "-fno-objc-arc"; }; };
		16690F28150660D700AC452F /* UploaderThread.m in Sources */ = {isa = PBXBuildFile; fileRef = 16690F24150660D700AC452F /* UploaderThread.m */; settings = {COMPILER_FLAGS = "-fno-objc-arc"; }; };
		16690F2B150661A200AC452F /* libsqlite3.dylib in Frameworks */ = {isa = PBXBuildFile; fileRef = 16690F2A150661A200AC452F /* libsqlite3.dylib */; };
		16690F2D150661BD00AC452F /* libz.dylib in Frameworks */ = {isa = PBXBuildFile; fileRef = 16690F2C150661BD00AC452F /* libz.dylib */; };
		1671F10F14AF91FA0019B181 /* UIViewController+Section.m in Sources */ = {isa = PBXBuildFile; fileRef = 1671F10E14AF91FA0019B181 /* UIViewController+Section.m */; };
		1671F11214AF9F290019B181 /* SectionManager.m in Sources */ = {isa = PBXBuildFile; fileRef = 1671F11114AF9F290019B181 /* SectionManager.m */; };
		1673F16A14ACAED90065126B /* TableSelectViewController.m in Sources */ = {isa = PBXBuildFile; fileRef = 1673F16814ACAED90065126B /* TableSelectViewController.m */; };
		1673F16B14ACAED90065126B /* TableSelectViewController.xib in Resources */ = {isa = PBXBuildFile; fileRef = 1673F16914ACAED90065126B /* TableSelectViewController.xib */; };
		1673F17814ACDF1D0065126B /* ContentPreviewViewController.m in Sources */ = {isa = PBXBuildFile; fileRef = 1673F17614ACDF1D0065126B /* ContentPreviewViewController.m */; };
		1673F17914ACDF1D0065126B /* ContentPreviewViewController.xib in Resources */ = {isa = PBXBuildFile; fileRef = 1673F17714ACDF1D0065126B /* ContentPreviewViewController.xib */; };
		167E35B41538528600EA535E /* APIBook.m in Sources */ = {isa = PBXBuildFile; fileRef = 167E35B31538528600EA535E /* APIBook.m */; };
		167E368715389A3200EA535E /* ioapi.c in Sources */ = {isa = PBXBuildFile; fileRef = 167E367D15389A3200EA535E /* ioapi.c */; };
		167E368815389A3200EA535E /* mztools.c in Sources */ = {isa = PBXBuildFile; fileRef = 167E367F15389A3200EA535E /* mztools.c */; settings = {COMPILER_FLAGS = "-w"; }; };
		167E368915389A3200EA535E /* unzip.c in Sources */ = {isa = PBXBuildFile; fileRef = 167E368115389A3200EA535E /* unzip.c */; settings = {COMPILER_FLAGS = "-w"; }; };
		167E368A15389A3200EA535E /* zip.c in Sources */ = {isa = PBXBuildFile; fileRef = 167E368315389A3200EA535E /* zip.c */; settings = {COMPILER_FLAGS = "-w"; }; };
		167E368B15389A3200EA535E /* ZipArchive.mm in Sources */ = {isa = PBXBuildFile; fileRef = 167E368615389A3200EA535E /* ZipArchive.mm */; settings = {COMPILER_FLAGS = "-fno-objc-arc"; }; };
		167EF1D714A23DAA0058F8D1 /* BookViewController.m in Sources */ = {isa = PBXBuildFile; fileRef = 167EF1D614A23DAA0058F8D1 /* BookViewController.m */; };
		167EF1DA14A23F790058F8D1 /* BookViewController.xib in Resources */ = {isa = PBXBuildFile; fileRef = 167EF1D914A23F790058F8D1 /* BookViewController.xib */; };
		167EF24314A24D250058F8D1 /* SectionListViewController.m in Sources */ = {isa = PBXBuildFile; fileRef = 167EF24114A24D250058F8D1 /* SectionListViewController.m */; };
		167EF24414A24D250058F8D1 /* SectionListViewController.xib in Resources */ = {isa = PBXBuildFile; fileRef = 167EF24214A24D250058F8D1 /* SectionListViewController.xib */; };
		167EF24814A251320058F8D1 /* SectionContentViewController.m in Sources */ = {isa = PBXBuildFile; fileRef = 167EF24614A251320058F8D1 /* SectionContentViewController.m */; };
		167EF24914A251320058F8D1 /* SectionContentViewController.xib in Resources */ = {isa = PBXBuildFile; fileRef = 167EF24714A251320058F8D1 /* SectionContentViewController.xib */; };
		16822ED214A931B8006344D1 /* NSString+Extras.m in Sources */ = {isa = PBXBuildFile; fileRef = 16822ED114A931B8006344D1 /* NSString+Extras.m */; };
		16822ED514A9338B006344D1 /* Security.framework in Frameworks */ = {isa = PBXBuildFile; fileRef = 16822ED414A9338B006344D1 /* Security.framework */; };
		1689961D14FFC5EB00D06AB9 /* Default.png in Resources */ = {isa = PBXBuildFile; fileRef = 1689961B14FFC5EB00D06AB9 /* Default.png */; };
		1689961E14FFC5EB00D06AB9 /* Default@2x.png in Resources */ = {isa = PBXBuildFile; fileRef = 1689961C14FFC5EB00D06AB9 /* Default@2x.png */; };
		169151A714A2C11D001E59C2 /* FavoritesViewController.m in Sources */ = {isa = PBXBuildFile; fileRef = 169151A514A2C11D001E59C2 /* FavoritesViewController.m */; };
		169151A814A2C11D001E59C2 /* FavoritesViewController.xib in Resources */ = {isa = PBXBuildFile; fileRef = 169151A614A2C11D001E59C2 /* FavoritesViewController.xib */; };
		169FFA15153B93B300065225 /* Parse.framework in Frameworks */ = {isa = PBXBuildFile; fileRef = 169FFA14153B93B300065225 /* Parse.framework */; };
		169FFA18153B94A900065225 /* AudioToolbox.framework in Frameworks */ = {isa = PBXBuildFile; fileRef = 169FFA16153B94A900065225 /* AudioToolbox.framework */; };
		169FFA19153B94A900065225 /* libz.1.1.3.dylib in Frameworks */ = {isa = PBXBuildFile; fileRef = 169FFA17153B94A900065225 /* libz.1.1.3.dylib */; };
		16A7062114E6014500E21931 /* info.png in Resources */ = {isa = PBXBuildFile; fileRef = 16A7061F14E6014500E21931 /* info.png */; };
		16A7062214E6014500E21931 /* info@2x.png in Resources */ = {isa = PBXBuildFile; fileRef = 16A7062014E6014500E21931 /* info@2x.png */; };
		16C262CF151B6DB100B63843 /* ASUME.plist in Resources */ = {isa = PBXBuildFile; fileRef = 16C262CD151B6DB100B63843 /* ASUME.plist */; };
		16CAD3F8153B346900B737DB /* MBProgressHUD.m in Sources */ = {isa = PBXBuildFile; fileRef = 16CAD3F7153B346900B737DB /* MBProgressHUD.m */; };
		16CCD28815350A4700F43CB4 /* Icon-72@2x.png in Resources */ = {isa = PBXBuildFile; fileRef = 16CCD28615350A4700F43CB4 /* Icon-72@2x.png */; };
		16CCD28915350A4700F43CB4 /* Icon-Small-50@2x.png in Resources */ = {isa = PBXBuildFile; fileRef = 16CCD28715350A4700F43CB4 /* Icon-Small-50@2x.png */; };
		16D1465214E448750026D7AE /* BookDetailViewController.m in Sources */ = {isa = PBXBuildFile; fileRef = 16D1465014E448750026D7AE /* BookDetailViewController.m */; };
		16D1465314E448750026D7AE /* BookDetailViewController.xib in Resources */ = {isa = PBXBuildFile; fileRef = 16D1465114E448750026D7AE /* BookDetailViewController.xib */; };
		16D442A114EAD5AB009B072E /* PolicyViewController.m in Sources */ = {isa = PBXBuildFile; fileRef = 16D4429F14EAD5AB009B072E /* PolicyViewController.m */; };
		16D442A214EAD5AB009B072E /* PolicyViewController.xib in Resources */ = {isa = PBXBuildFile; fileRef = 16D442A014EAD5AB009B072E /* PolicyViewController.xib */; };
		16D442A514EAD6EA009B072E /* terminos.htm in Resources */ = {isa = PBXBuildFile; fileRef = 16D442A414EAD6EA009B072E /* terminos.htm */; };
		16D45B3714FFEC3D0012BE90 /* EndorsementView.m in Sources */ = {isa = PBXBuildFile; fileRef = 16D45B3614FFEC3D0012BE90 /* EndorsementView.m */; };
		16D45B3A14FFEF4A0012BE90 /* abogados_logo.png in Resources */ = {isa = PBXBuildFile; fileRef = 16D45B3814FFEF4A0012BE90 /* abogados_logo.png */; };
		16D45B3B14FFEF4A0012BE90 /* abogados_logo@2x.png in Resources */ = {isa = PBXBuildFile; fileRef = 16D45B3914FFEF4A0012BE90 /* abogados_logo@2x.png */; };
		16D4D04514E9B6B300321BF3 /* InformationViewController.m in Sources */ = {isa = PBXBuildFile; fileRef = 16D4D04314E9B6B300321BF3 /* InformationViewController.m */; };
		16D4D04614E9B6B300321BF3 /* InformationViewController.xib in Resources */ = {isa = PBXBuildFile; fileRef = 16D4D04414E9B6B300321BF3 /* InformationViewController.xib */; };
		16D5E3DC14EABE5E00F52FE0 /* ftc_icon.png in Resources */ = {isa = PBXBuildFile; fileRef = 16D5E3D814EABE5E00F52FE0 /* ftc_icon.png */; };
		16D5E3DD14EABE5E00F52FE0 /* ftc_icon@2x.png in Resources */ = {isa = PBXBuildFile; fileRef = 16D5E3D914EABE5E00F52FE0 /* ftc_icon@2x.png */; };
		16D5E3DE14EABE5E00F52FE0 /* loteria_icon.png in Resources */ = {isa = PBXBuildFile; fileRef = 16D5E3DA14EABE5E00F52FE0 /* loteria_icon.png */; };
		16D5E3DF14EABE5E00F52FE0 /* loteria_icon@2x.png in Resources */ = {isa = PBXBuildFile; fileRef = 16D5E3DB14EABE5E00F52FE0 /* loteria_icon@2x.png */; };
		16D5E3E414EABE9300F52FE0 /* RLAppsViewController.m in Sources */ = {isa = PBXBuildFile; fileRef = 16D5E3E214EABE9300F52FE0 /* RLAppsViewController.m */; };
		16D5E3E514EABE9300F52FE0 /* RLAppsViewController.xib in Resources */ = {isa = PBXBuildFile; fileRef = 16D5E3E314EABE9300F52FE0 /* RLAppsViewController.xib */; };
		16D8D96514A8E1CE00E88215 /* MessageUI.framework in Frameworks */ = {isa = PBXBuildFile; fileRef = 16D8D96414A8E1CE00E88215 /* MessageUI.framework */; };
		16DD4CA414A10D200063163D /* UIKit.framework in Frameworks */ = {isa = PBXBuildFile; fileRef = 16DD4CA314A10D200063163D /* UIKit.framework */; };
		16DD4CA614A10D200063163D /* Foundation.framework in Frameworks */ = {isa = PBXBuildFile; fileRef = 16DD4CA514A10D200063163D /* Foundation.framework */; };
		16DD4CA814A10D200063163D /* CoreGraphics.framework in Frameworks */ = {isa = PBXBuildFile; fileRef = 16DD4CA714A10D200063163D /* CoreGraphics.framework */; };
		16DD4CAE14A10D200063163D /* InfoPlist.strings in Resources */ = {isa = PBXBuildFile; fileRef = 16DD4CAC14A10D200063163D /* InfoPlist.strings */; };
		16DD4CB014A10D200063163D /* main.m in Sources */ = {isa = PBXBuildFile; fileRef = 16DD4CAF14A10D200063163D /* main.m */; };
		16DD4CB414A10D200063163D /* AppDelegate.m in Sources */ = {isa = PBXBuildFile; fileRef = 16DD4CB314A10D200063163D /* AppDelegate.m */; };
		16DD4DA914A1568B0063163D /* Book.m in Sources */ = {isa = PBXBuildFile; fileRef = 16DD4DA814A1568B0063163D /* Book.m */; };
		16DD4DAC14A1569F0063163D /* Section.m in Sources */ = {isa = PBXBuildFile; fileRef = 16DD4DAB14A1569F0063163D /* Section.m */; };
		16DD4DB114A16D1E0063163D /* BookData.m in Sources */ = {isa = PBXBuildFile; fileRef = 16DD4DB014A16D1E0063163D /* BookData.m */; };
		16DFA25014B4C7FB00517778 /* UIWebView+Highlight.m in Sources */ = {isa = PBXBuildFile; fileRef = 16DFA24F14B4C7FB00517778 /* UIWebView+Highlight.m */; };
/* End PBXBuildFile section */

/* Begin PBXContainerItemProxy section */
		16240C20153771440052E274 /* PBXContainerItemProxy */ = {
			isa = PBXContainerItemProxy;
			containerPortal = 16240C15153771440052E274 /* RestKit.xcodeproj */;
			proxyType = 2;
			remoteGlobalIDString = 25160D1614564E810060A5C5;
			remoteInfo = RestKit;
		};
		16240C22153771440052E274 /* PBXContainerItemProxy */ = {
			isa = PBXContainerItemProxy;
			containerPortal = 16240C15153771440052E274 /* RestKit.xcodeproj */;
			proxyType = 2;
			remoteGlobalIDString = 25160D2614564E820060A5C5;
			remoteInfo = RestKitTests;
		};
		16240C24153771440052E274 /* PBXContainerItemProxy */ = {
			isa = PBXContainerItemProxy;
			containerPortal = 16240C15153771440052E274 /* RestKit.xcodeproj */;
			proxyType = 2;
			remoteGlobalIDString = 25160E62145651060060A5C5;
			remoteInfo = RestKitFramework;
		};
		16240C26153771440052E274 /* PBXContainerItemProxy */ = {
			isa = PBXContainerItemProxy;
			containerPortal = 16240C15153771440052E274 /* RestKit.xcodeproj */;
			proxyType = 2;
			remoteGlobalIDString = 25160E78145651060060A5C5;
			remoteInfo = RestKitFrameworkTests;
		};
		16240C28153771440052E274 /* PBXContainerItemProxy */ = {
			isa = PBXContainerItemProxy;
			containerPortal = 16240C15153771440052E274 /* RestKit.xcodeproj */;
			proxyType = 2;
			remoteGlobalIDString = 259C301615128079003066A2;
			remoteInfo = RestKitResources;
		};
		16240C2B153772CE0052E274 /* PBXContainerItemProxy */ = {
			isa = PBXContainerItemProxy;
			containerPortal = 16240C15153771440052E274 /* RestKit.xcodeproj */;
			proxyType = 1;
			remoteGlobalIDString = 25160D1514564E810060A5C5;
			remoteInfo = RestKit;
		};
/* End PBXContainerItemProxy section */

/* Begin PBXFileReference section */
		16024A381559F74400D84546 /* download.png */ = {isa = PBXFileReference; lastKnownFileType = image.png; path = download.png; sourceTree = "<group>"; };
		16024A391559F74400D84546 /* download@2x.png */ = {isa = PBXFileReference; lastKnownFileType = image.png; path = "download@2x.png"; sourceTree = "<group>"; };
		16024A3C1559F9B000D84546 /* DownloadsViewController.h */ = {isa = PBXFileReference; fileEncoding = 4; lastKnownFileType = sourcecode.c.h; path = DownloadsViewController.h; sourceTree = "<group>"; };
		16024A3D1559F9B000D84546 /* DownloadsViewController.m */ = {isa = PBXFileReference; fileEncoding = 4; lastKnownFileType = sourcecode.c.objc; path = DownloadsViewController.m; sourceTree = "<group>"; };
		16024A3E1559F9B000D84546 /* DownloadsViewController.xib */ = {isa = PBXFileReference; fileEncoding = 4; lastKnownFileType = file.xib; path = DownloadsViewController.xib; sourceTree = "<group>"; };
		1616E2751534A6030029E916 /* CodigoCivil.plist */ = {isa = PBXFileReference; fileEncoding = 4; lastKnownFileType = text.plist.xml; path = CodigoCivil.plist; sourceTree = "<group>"; };
		1616E2761534A6030029E916 /* Electoral.plist */ = {isa = PBXFileReference; fileEncoding = 4; lastKnownFileType = text.plist.xml; path = Electoral.plist; sourceTree = "<group>"; };
		1616E2771534A6030029E916 /* Transito.plist */ = {isa = PBXFileReference; fileEncoding = 4; lastKnownFileType = text.plist.xml; path = Transito.plist; sourceTree = "<group>"; };
		1617A3FF14A2FC570016AAF1 /* list.png */ = {isa = PBXFileReference; lastKnownFileType = image.png; path = list.png; sourceTree = "<group>"; };
		1617A40014A2FC570016AAF1 /* list@2x.png */ = {isa = PBXFileReference; lastKnownFileType = image.png; path = "list@2x.png"; sourceTree = "<group>"; };
		1617A41714A3184C0016AAF1 /* left_arrow.png */ = {isa = PBXFileReference; lastKnownFileType = image.png; path = left_arrow.png; sourceTree = "<group>"; };
		1617A41814A3184C0016AAF1 /* left_arrow@2x.png */ = {isa = PBXFileReference; lastKnownFileType = image.png; path = "left_arrow@2x.png"; sourceTree = "<group>"; };
		1617A41914A3184C0016AAF1 /* right_arrow.png */ = {isa = PBXFileReference; lastKnownFileType = image.png; path = right_arrow.png; sourceTree = "<group>"; };
		1617A41A14A3184C0016AAF1 /* right_arrow@2x.png */ = {isa = PBXFileReference; lastKnownFileType = image.png; path = "right_arrow@2x.png"; sourceTree = "<group>"; };
		1619833D14F684EE0024302E /* PuertoRicoLawBooks.plist */ = {isa = PBXFileReference; fileEncoding = 4; lastKnownFileType = text.plist.xml; name = PuertoRicoLawBooks.plist; path = Books/PuertoRicoLawBooks.plist; sourceTree = "<group>"; };
		161B5D6614B3598400700D86 /* orgchart.png */ = {isa = PBXFileReference; lastKnownFileType = image.png; path = orgchart.png; sourceTree = "<group>"; };
		161B5D6714B3598400700D86 /* orgchart@2x.png */ = {isa = PBXFileReference; lastKnownFileType = image.png; path = "orgchart@2x.png"; sourceTree = "<group>"; };
		1620F7FF14A196910070E512 /* FileHelpers.h */ = {isa = PBXFileReference; fileEncoding = 4; lastKnownFileType = sourcecode.c.h; path = FileHelpers.h; sourceTree = "<group>"; };
		1620F80014A196910070E512 /* FileHelpers.m */ = {isa = PBXFileReference; fileEncoding = 4; lastKnownFileType = sourcecode.c.objc; path = FileHelpers.m; sourceTree = "<group>"; };
		16240C15153771440052E274 /* RestKit.xcodeproj */ = {isa = PBXFileReference; lastKnownFileType = "wrapper.pb-project"; name = RestKit.xcodeproj; path = Libraries/RestKit/RestKit.xcodeproj; sourceTree = "<group>"; };
		16240C2D153773740052E274 /* CFNetwork.framework */ = {isa = PBXFileReference; lastKnownFileType = wrapper.framework; name = CFNetwork.framework; path = System/Library/Frameworks/CFNetwork.framework; sourceTree = SDKROOT; };
		16240C2E153773740052E274 /* CoreData.framework */ = {isa = PBXFileReference; lastKnownFileType = wrapper.framework; name = CoreData.framework; path = System/Library/Frameworks/CoreData.framework; sourceTree = SDKROOT; };
		16240C2F153773740052E274 /* libxml2.dylib */ = {isa = PBXFileReference; lastKnownFileType = "compiled.mach-o.dylib"; name = libxml2.dylib; path = usr/lib/libxml2.dylib; sourceTree = SDKROOT; };
		16240C30153773740052E274 /* MobileCoreServices.framework */ = {isa = PBXFileReference; lastKnownFileType = wrapper.framework; name = MobileCoreServices.framework; path = System/Library/Frameworks/MobileCoreServices.framework; sourceTree = SDKROOT; };
		16240C31153773740052E274 /* QuartzCore.framework */ = {isa = PBXFileReference; lastKnownFileType = wrapper.framework; name = QuartzCore.framework; path = System/Library/Frameworks/QuartzCore.framework; sourceTree = SDKROOT; };
		16240C32153773740052E274 /* SystemConfiguration.framework */ = {isa = PBXFileReference; lastKnownFileType = wrapper.framework; name = SystemConfiguration.framework; path = System/Library/Frameworks/SystemConfiguration.framework; sourceTree = SDKROOT; };
		162B284F155B43D3001451B7 /* DownloadTableViewCell.h */ = {isa = PBXFileReference; fileEncoding = 4; lastKnownFileType = sourcecode.c.h; path = DownloadTableViewCell.h; sourceTree = "<group>"; };
		162B2850155B43D3001451B7 /* DownloadTableViewCell.m */ = {isa = PBXFileReference; fileEncoding = 4; lastKnownFileType = sourcecode.c.objc; path = DownloadTableViewCell.m; sourceTree = "<group>"; };
		163252F4150510DC00259E10 /* CodigoPenal2004.plist */ = {isa = PBXFileReference; fileEncoding = 4; lastKnownFileType = text.plist.xml; path = CodigoPenal2004.plist; sourceTree = "<group>"; };
		163252F5150510DC00259E10 /* ConstitucionPR.plist */ = {isa = PBXFileReference; fileEncoding = 4; lastKnownFileType = text.plist.xml; path = ConstitucionPR.plist; sourceTree = "<group>"; };
		163252F6150510DC00259E10 /* Notarial.plist */ = {isa = PBXFileReference; fileEncoding = 4; lastKnownFileType = text.plist.xml; path = Notarial.plist; sourceTree = "<group>"; };
		163252F7150510DC00259E10 /* ProcedimientoAdministrativoUniforme.plist */ = {isa = PBXFileReference; fileEncoding = 4; lastKnownFileType = text.plist.xml; path = ProcedimientoAdministrativoUniforme.plist; sourceTree = "<group>"; };
		163252F8150510DC00259E10 /* ReglasEvidencia2009.plist */ = {isa = PBXFileReference; fileEncoding = 4; lastKnownFileType = text.plist.xml; path = ReglasEvidencia2009.plist; sourceTree = "<group>"; };
		163252F9150510DC00259E10 /* ReglasProcedimientoCivil2009.plist */ = {isa = PBXFileReference; fileEncoding = 4; lastKnownFileType = text.plist.xml; path = ReglasProcedimientoCivil2009.plist; sourceTree = "<group>"; };
		163252FA150510DC00259E10 /* ReglasProcedimientoCriminal.plist */ = {isa = PBXFileReference; fileEncoding = 4; lastKnownFileType = text.plist.xml; path = ReglasProcedimientoCriminal.plist; sourceTree = "<group>"; };
		163252FB150510DC00259E10 /* ViolenciaDomestica.plist */ = {isa = PBXFileReference; fileEncoding = 4; lastKnownFileType = text.plist.xml; path = ViolenciaDomestica.plist; sourceTree = "<group>"; };
		163253131505182300259E10 /* Icon-72.png */ = {isa = PBXFileReference; lastKnownFileType = image.png; path = "Icon-72.png"; sourceTree = "<group>"; };
		163253141505182300259E10 /* Icon-Small-50.png */ = {isa = PBXFileReference; lastKnownFileType = image.png; path = "Icon-Small-50.png"; sourceTree = "<group>"; };
		163253151505182300259E10 /* Icon-Small.png */ = {isa = PBXFileReference; lastKnownFileType = image.png; path = "Icon-Small.png"; sourceTree = "<group>"; };
		163253161505182300259E10 /* Icon-Small@2x.png */ = {isa = PBXFileReference; lastKnownFileType = image.png; path = "Icon-Small@2x.png"; sourceTree = "<group>"; };
		163253171505182300259E10 /* Icon.png */ = {isa = PBXFileReference; lastKnownFileType = image.png; path = Icon.png; sourceTree = "<group>"; };
		163253181505182300259E10 /* Icon@2x.png */ = {isa = PBXFileReference; lastKnownFileType = image.png; path = "Icon@2x.png"; sourceTree = "<group>"; };
		163253191505182300259E10 /* iTunesArtwork */ = {isa = PBXFileReference; lastKnownFileType = file; path = iTunesArtwork; sourceTree = "<group>"; };
		163E2B2314B33FAF008C50DE /* SearchViewController.h */ = {isa = PBXFileReference; fileEncoding = 4; lastKnownFileType = sourcecode.c.h; path = SearchViewController.h; sourceTree = "<group>"; };
		163E2B2414B33FAF008C50DE /* SearchViewController.m */ = {isa = PBXFileReference; fileEncoding = 4; lastKnownFileType = sourcecode.c.objc; path = SearchViewController.m; sourceTree = "<group>"; };
		163E2B2514B33FAF008C50DE /* SearchViewController.xib */ = {isa = PBXFileReference; fileEncoding = 4; lastKnownFileType = file.xib; path = SearchViewController.xib; sourceTree = "<group>"; };
		1646AB2714A3AB7100B27123 /* BookTableView.h */ = {isa = PBXFileReference; fileEncoding = 4; lastKnownFileType = sourcecode.c.h; path = BookTableView.h; sourceTree = "<group>"; };
		1646AB2814A3AB7100B27123 /* BookTableView.m */ = {isa = PBXFileReference; fileEncoding = 4; lastKnownFileType = sourcecode.c.objc; path = BookTableView.m; sourceTree = "<group>"; };
		1646AB2A14A3B55800B27123 /* BookTableViewCell.h */ = {isa = PBXFileReference; fileEncoding = 4; lastKnownFileType = sourcecode.c.h; path = BookTableViewCell.h; sourceTree = "<group>"; };
		1646AB2B14A3B55800B27123 /* BookTableViewCell.m */ = {isa = PBXFileReference; fileEncoding = 4; lastKnownFileType = sourcecode.c.objc; path = BookTableViewCell.m; sourceTree = "<group>"; };
		164DF0F014A29D160087CBD2 /* SettingsViewController.h */ = {isa = PBXFileReference; fileEncoding = 4; lastKnownFileType = sourcecode.c.h; path = SettingsViewController.h; sourceTree = "<group>"; };
		164DF0F114A29D160087CBD2 /* SettingsViewController.m */ = {isa = PBXFileReference; fileEncoding = 4; lastKnownFileType = sourcecode.c.objc; path = SettingsViewController.m; sourceTree = "<group>"; };
		164DF0F214A29D160087CBD2 /* SettingsViewController.xib */ = {isa = PBXFileReference; fileEncoding = 4; lastKnownFileType = file.xib; path = SettingsViewController.xib; sourceTree = "<group>"; };
		164DF0F514A2A14D0087CBD2 /* magnify_mini.png */ = {isa = PBXFileReference; lastKnownFileType = image.png; path = magnify_mini.png; sourceTree = "<group>"; };
		164DF0F614A2A14D0087CBD2 /* magnify_mini@2x.png */ = {isa = PBXFileReference; lastKnownFileType = image.png; path = "magnify_mini@2x.png"; sourceTree = "<group>"; };
		164DF0FB14A2B1B90087CBD2 /* house.png */ = {isa = PBXFileReference; lastKnownFileType = image.png; path = house.png; sourceTree = "<group>"; };
		164DF0FC14A2B1B90087CBD2 /* house@2x.png */ = {isa = PBXFileReference; lastKnownFileType = image.png; path = "house@2x.png"; sourceTree = "<group>"; };
		164DF10314A2B1B90087CBD2 /* star.png */ = {isa = PBXFileReference; lastKnownFileType = image.png; path = star.png; sourceTree = "<group>"; };
		164DF10414A2B1B90087CBD2 /* star@2x.png */ = {isa = PBXFileReference; lastKnownFileType = image.png; path = "star@2x.png"; sourceTree = "<group>"; };
		164DF11114A2B6B20087CBD2 /* gears.png */ = {isa = PBXFileReference; lastKnownFileType = image.png; path = gears.png; sourceTree = "<group>"; };
		164DF11214A2B6B20087CBD2 /* gears@2x.png */ = {isa = PBXFileReference; lastKnownFileType = image.png; path = "gears@2x.png"; sourceTree = "<group>"; };
		1659E6DA1534D29200E52053 /* Default-Landscape.png */ = {isa = PBXFileReference; lastKnownFileType = image.png; path = "Default-Landscape.png"; sourceTree = "<group>"; };
		1659E6DB1534D29200E52053 /* Default-Landscape@2x.png */ = {isa = PBXFileReference; lastKnownFileType = image.png; path = "Default-Landscape@2x.png"; sourceTree = "<group>"; };
		1659E6DC1534D29200E52053 /* Default-Portrait.png */ = {isa = PBXFileReference; lastKnownFileType = image.png; path = "Default-Portrait.png"; sourceTree = "<group>"; };
		1659E6DD1534D29200E52053 /* Default-Portrait@2x.png */ = {isa = PBXFileReference; lastKnownFileType = image.png; path = "Default-Portrait@2x.png"; sourceTree = "<group>"; };
		165BB8EC14A38758000F8BF3 /* Settings.h */ = {isa = PBXFileReference; fileEncoding = 4; lastKnownFileType = sourcecode.c.h; path = Settings.h; sourceTree = "<group>"; };
		165BB8ED14A38758000F8BF3 /* Settings.m */ = {isa = PBXFileReference; fileEncoding = 4; lastKnownFileType = sourcecode.c.objc; path = Settings.m; sourceTree = "<group>"; };
		165CAC0714AAA78C007469DC /* trash_mini.png */ = {isa = PBXFileReference; lastKnownFileType = image.png; path = trash_mini.png; sourceTree = "<group>"; };
		165CAC0814AAA78C007469DC /* trash_mini@2x.png */ = {isa = PBXFileReference; lastKnownFileType = image.png; path = "trash_mini@2x.png"; sourceTree = "<group>"; };
		165DCEFF14A409300045F8EC /* star_cell_selected.png */ = {isa = PBXFileReference; lastKnownFileType = image.png; path = star_cell_selected.png; sourceTree = "<group>"; };
		165DCF0014A409300045F8EC /* star_cell_selected@2x.png */ = {isa = PBXFileReference; lastKnownFileType = image.png; path = "star_cell_selected@2x.png"; sourceTree = "<group>"; };
		165DCF0114A409300045F8EC /* star_cell.png */ = {isa = PBXFileReference; lastKnownFileType = image.png; path = star_cell.png; sourceTree = "<group>"; };
		165DCF0214A409300045F8EC /* star_cell@2x.png */ = {isa = PBXFileReference; lastKnownFileType = image.png; path = "star_cell@2x.png"; sourceTree = "<group>"; };
		1661C59A14BF333300C5603F /* Settings.bundle */ = {isa = PBXFileReference; lastKnownFileType = "wrapper.plug-in"; path = Settings.bundle; sourceTree = "<group>"; };
		1663261B14A65249003279C3 /* SectionTableViewCell.h */ = {isa = PBXFileReference; fileEncoding = 4; lastKnownFileType = sourcecode.c.h; path = SectionTableViewCell.h; sourceTree = "<group>"; };
		1663261C14A65249003279C3 /* SectionTableViewCell.m */ = {isa = PBXFileReference; fileEncoding = 4; lastKnownFileType = sourcecode.c.objc; path = SectionTableViewCell.m; sourceTree = "<group>"; };
		16690F1F150660D700AC452F /* LocalyticsDatabase.h */ = {isa = PBXFileReference; fileEncoding = 4; lastKnownFileType = sourcecode.c.h; path = LocalyticsDatabase.h; sourceTree = "<group>"; };
		16690F20150660D700AC452F /* LocalyticsDatabase.m */ = {isa = PBXFileReference; fileEncoding = 4; lastKnownFileType = sourcecode.c.objc; path = LocalyticsDatabase.m; sourceTree = "<group>"; };
		16690F21150660D700AC452F /* LocalyticsSession.h */ = {isa = PBXFileReference; fileEncoding = 4; lastKnownFileType = sourcecode.c.h; path = LocalyticsSession.h; sourceTree = "<group>"; };
		16690F22150660D700AC452F /* LocalyticsSession.m */ = {isa = PBXFileReference; fileEncoding = 4; lastKnownFileType = sourcecode.c.objc; path = LocalyticsSession.m; sourceTree = "<group>"; };
		16690F23150660D700AC452F /* UploaderThread.h */ = {isa = PBXFileReference; fileEncoding = 4; lastKnownFileType = sourcecode.c.h; path = UploaderThread.h; sourceTree = "<group>"; };
		16690F24150660D700AC452F /* UploaderThread.m */ = {isa = PBXFileReference; fileEncoding = 4; lastKnownFileType = sourcecode.c.objc; path = UploaderThread.m; sourceTree = "<group>"; };
		16690F25150660D700AC452F /* WebserviceConstants.h */ = {isa = PBXFileReference; fileEncoding = 4; lastKnownFileType = sourcecode.c.h; path = WebserviceConstants.h; sourceTree = "<group>"; };
		16690F2A150661A200AC452F /* libsqlite3.dylib */ = {isa = PBXFileReference; lastKnownFileType = "compiled.mach-o.dylib"; name = libsqlite3.dylib; path = usr/lib/libsqlite3.dylib; sourceTree = SDKROOT; };
		16690F2C150661BD00AC452F /* libz.dylib */ = {isa = PBXFileReference; lastKnownFileType = "compiled.mach-o.dylib"; name = libz.dylib; path = usr/lib/libz.dylib; sourceTree = SDKROOT; };
		1671F10B14AF813B0019B181 /* SectionSelectionDelegate.h */ = {isa = PBXFileReference; fileEncoding = 4; lastKnownFileType = sourcecode.c.h; path = SectionSelectionDelegate.h; sourceTree = "<group>"; };
		1671F10D14AF91FA0019B181 /* UIViewController+Section.h */ = {isa = PBXFileReference; fileEncoding = 4; lastKnownFileType = sourcecode.c.h; path = "UIViewController+Section.h"; sourceTree = "<group>"; };
		1671F10E14AF91FA0019B181 /* UIViewController+Section.m */ = {isa = PBXFileReference; fileEncoding = 4; lastKnownFileType = sourcecode.c.objc; path = "UIViewController+Section.m"; sourceTree = "<group>"; };
		1671F11014AF9F290019B181 /* SectionManager.h */ = {isa = PBXFileReference; fileEncoding = 4; lastKnownFileType = sourcecode.c.h; path = SectionManager.h; sourceTree = "<group>"; };
		1671F11114AF9F290019B181 /* SectionManager.m */ = {isa = PBXFileReference; fileEncoding = 4; lastKnownFileType = sourcecode.c.objc; path = SectionManager.m; sourceTree = "<group>"; };
		1673F16714ACAED90065126B /* TableSelectViewController.h */ = {isa = PBXFileReference; fileEncoding = 4; lastKnownFileType = sourcecode.c.h; path = TableSelectViewController.h; sourceTree = "<group>"; };
		1673F16814ACAED90065126B /* TableSelectViewController.m */ = {isa = PBXFileReference; fileEncoding = 4; lastKnownFileType = sourcecode.c.objc; path = TableSelectViewController.m; sourceTree = "<group>"; };
		1673F16914ACAED90065126B /* TableSelectViewController.xib */ = {isa = PBXFileReference; fileEncoding = 4; lastKnownFileType = file.xib; path = TableSelectViewController.xib; sourceTree = "<group>"; };
		1673F17514ACDF1D0065126B /* ContentPreviewViewController.h */ = {isa = PBXFileReference; fileEncoding = 4; lastKnownFileType = sourcecode.c.h; path = ContentPreviewViewController.h; sourceTree = "<group>"; };
		1673F17614ACDF1D0065126B /* ContentPreviewViewController.m */ = {isa = PBXFileReference; fileEncoding = 4; lastKnownFileType = sourcecode.c.objc; path = ContentPreviewViewController.m; sourceTree = "<group>"; };
		1673F17714ACDF1D0065126B /* ContentPreviewViewController.xib */ = {isa = PBXFileReference; fileEncoding = 4; lastKnownFileType = file.xib; path = ContentPreviewViewController.xib; sourceTree = "<group>"; };
		167E35B21538528600EA535E /* APIBook.h */ = {isa = PBXFileReference; fileEncoding = 4; lastKnownFileType = sourcecode.c.h; path = APIBook.h; sourceTree = "<group>"; };
		167E35B31538528600EA535E /* APIBook.m */ = {isa = PBXFileReference; fileEncoding = 4; lastKnownFileType = sourcecode.c.objc; path = APIBook.m; sourceTree = "<group>"; };
		167E367C15389A3200EA535E /* crypt.h */ = {isa = PBXFileReference; fileEncoding = 4; lastKnownFileType = sourcecode.c.h; path = crypt.h; sourceTree = "<group>"; };
		167E367D15389A3200EA535E /* ioapi.c */ = {isa = PBXFileReference; fileEncoding = 4; lastKnownFileType = sourcecode.c.c; path = ioapi.c; sourceTree = "<group>"; };
		167E367E15389A3200EA535E /* ioapi.h */ = {isa = PBXFileReference; fileEncoding = 4; lastKnownFileType = sourcecode.c.h; path = ioapi.h; sourceTree = "<group>"; };
		167E367F15389A3200EA535E /* mztools.c */ = {isa = PBXFileReference; fileEncoding = 4; lastKnownFileType = sourcecode.c.c; path = mztools.c; sourceTree = "<group>"; };
		167E368015389A3200EA535E /* mztools.h */ = {isa = PBXFileReference; fileEncoding = 4; lastKnownFileType = sourcecode.c.h; path = mztools.h; sourceTree = "<group>"; };
		167E368115389A3200EA535E /* unzip.c */ = {isa = PBXFileReference; fileEncoding = 4; lastKnownFileType = sourcecode.c.c; path = unzip.c; sourceTree = "<group>"; };
		167E368215389A3200EA535E /* unzip.h */ = {isa = PBXFileReference; fileEncoding = 4; lastKnownFileType = sourcecode.c.h; path = unzip.h; sourceTree = "<group>"; };
		167E368315389A3200EA535E /* zip.c */ = {isa = PBXFileReference; fileEncoding = 4; lastKnownFileType = sourcecode.c.c; path = zip.c; sourceTree = "<group>"; };
		167E368415389A3200EA535E /* zip.h */ = {isa = PBXFileReference; fileEncoding = 4; lastKnownFileType = sourcecode.c.h; path = zip.h; sourceTree = "<group>"; };
		167E368515389A3200EA535E /* ZipArchive.h */ = {isa = PBXFileReference; fileEncoding = 4; lastKnownFileType = sourcecode.c.h; path = ZipArchive.h; sourceTree = "<group>"; };
		167E368615389A3200EA535E /* ZipArchive.mm */ = {isa = PBXFileReference; fileEncoding = 4; lastKnownFileType = sourcecode.cpp.objcpp; path = ZipArchive.mm; sourceTree = "<group>"; };
		167EF1D514A23DAA0058F8D1 /* BookViewController.h */ = {isa = PBXFileReference; fileEncoding = 4; lastKnownFileType = sourcecode.c.h; path = BookViewController.h; sourceTree = "<group>"; };
		167EF1D614A23DAA0058F8D1 /* BookViewController.m */ = {isa = PBXFileReference; fileEncoding = 4; lastKnownFileType = sourcecode.c.objc; path = BookViewController.m; sourceTree = "<group>"; };
		167EF1D914A23F790058F8D1 /* BookViewController.xib */ = {isa = PBXFileReference; fileEncoding = 4; lastKnownFileType = file.xib; path = BookViewController.xib; sourceTree = "<group>"; };
		167EF24014A24D250058F8D1 /* SectionListViewController.h */ = {isa = PBXFileReference; fileEncoding = 4; lastKnownFileType = sourcecode.c.h; path = SectionListViewController.h; sourceTree = "<group>"; };
		167EF24114A24D250058F8D1 /* SectionListViewController.m */ = {isa = PBXFileReference; fileEncoding = 4; lastKnownFileType = sourcecode.c.objc; path = SectionListViewController.m; sourceTree = "<group>"; };
		167EF24214A24D250058F8D1 /* SectionListViewController.xib */ = {isa = PBXFileReference; fileEncoding = 4; lastKnownFileType = file.xib; path = SectionListViewController.xib; sourceTree = "<group>"; };
		167EF24514A251320058F8D1 /* SectionContentViewController.h */ = {isa = PBXFileReference; fileEncoding = 4; lastKnownFileType = sourcecode.c.h; path = SectionContentViewController.h; sourceTree = "<group>"; };
		167EF24614A251320058F8D1 /* SectionContentViewController.m */ = {isa = PBXFileReference; fileEncoding = 4; lastKnownFileType = sourcecode.c.objc; path = SectionContentViewController.m; sourceTree = "<group>"; };
		167EF24714A251320058F8D1 /* SectionContentViewController.xib */ = {isa = PBXFileReference; fileEncoding = 4; lastKnownFileType = file.xib; path = SectionContentViewController.xib; sourceTree = "<group>"; };
		16822ED014A931B8006344D1 /* NSString+Extras.h */ = {isa = PBXFileReference; fileEncoding = 4; lastKnownFileType = sourcecode.c.h; path = "NSString+Extras.h"; sourceTree = "<group>"; };
		16822ED114A931B8006344D1 /* NSString+Extras.m */ = {isa = PBXFileReference; fileEncoding = 4; lastKnownFileType = sourcecode.c.objc; path = "NSString+Extras.m"; sourceTree = "<group>"; };
		16822ED414A9338B006344D1 /* Security.framework */ = {isa = PBXFileReference; lastKnownFileType = wrapper.framework; name = Security.framework; path = System/Library/Frameworks/Security.framework; sourceTree = SDKROOT; };
		1689961B14FFC5EB00D06AB9 /* Default.png */ = {isa = PBXFileReference; lastKnownFileType = image.png; path = Default.png; sourceTree = "<group>"; };
		1689961C14FFC5EB00D06AB9 /* Default@2x.png */ = {isa = PBXFileReference; lastKnownFileType = image.png; path = "Default@2x.png"; sourceTree = "<group>"; };
		169151A414A2C11D001E59C2 /* FavoritesViewController.h */ = {isa = PBXFileReference; fileEncoding = 4; lastKnownFileType = sourcecode.c.h; path = FavoritesViewController.h; sourceTree = "<group>"; };
		169151A514A2C11D001E59C2 /* FavoritesViewController.m */ = {isa = PBXFileReference; fileEncoding = 4; lastKnownFileType = sourcecode.c.objc; path = FavoritesViewController.m; sourceTree = "<group>"; };
		169151A614A2C11D001E59C2 /* FavoritesViewController.xib */ = {isa = PBXFileReference; fileEncoding = 4; lastKnownFileType = file.xib; path = FavoritesViewController.xib; sourceTree = "<group>"; };
		169FFA14153B93B300065225 /* Parse.framework */ = {isa = PBXFileReference; lastKnownFileType = wrapper.framework; name = Parse.framework; path = Libraries/Parse.framework; sourceTree = "<group>"; };
		169FFA16153B94A900065225 /* AudioToolbox.framework */ = {isa = PBXFileReference; lastKnownFileType = wrapper.framework; name = AudioToolbox.framework; path = System/Library/Frameworks/AudioToolbox.framework; sourceTree = SDKROOT; };
		169FFA17153B94A900065225 /* libz.1.1.3.dylib */ = {isa = PBXFileReference; lastKnownFileType = "compiled.mach-o.dylib"; name = libz.1.1.3.dylib; path = usr/lib/libz.1.1.3.dylib; sourceTree = SDKROOT; };
		16A7061F14E6014500E21931 /* info.png */ = {isa = PBXFileReference; lastKnownFileType = image.png; path = info.png; sourceTree = "<group>"; };
		16A7062014E6014500E21931 /* info@2x.png */ = {isa = PBXFileReference; lastKnownFileType = image.png; path = "info@2x.png"; sourceTree = "<group>"; };
		16C262CD151B6DB100B63843 /* ASUME.plist */ = {isa = PBXFileReference; fileEncoding = 4; lastKnownFileType = text.plist.xml; path = ASUME.plist; sourceTree = "<group>"; };
		16CAD3F6153B346900B737DB /* MBProgressHUD.h */ = {isa = PBXFileReference; fileEncoding = 4; lastKnownFileType = sourcecode.c.h; name = MBProgressHUD.h; path = Libraries/MBProgressHUD/MBProgressHUD.h; sourceTree = "<group>"; };
		16CAD3F7153B346900B737DB /* MBProgressHUD.m */ = {isa = PBXFileReference; fileEncoding = 4; lastKnownFileType = sourcecode.c.objc; name = MBProgressHUD.m; path = Libraries/MBProgressHUD/MBProgressHUD.m; sourceTree = "<group>"; };
		16CCD28615350A4700F43CB4 /* Icon-72@2x.png */ = {isa = PBXFileReference; lastKnownFileType = image.png; path = "Icon-72@2x.png"; sourceTree = "<group>"; };
		16CCD28715350A4700F43CB4 /* Icon-Small-50@2x.png */ = {isa = PBXFileReference; lastKnownFileType = image.png; path = "Icon-Small-50@2x.png"; sourceTree = "<group>"; };
		16D1464F14E448750026D7AE /* BookDetailViewController.h */ = {isa = PBXFileReference; fileEncoding = 4; lastKnownFileType = sourcecode.c.h; path = BookDetailViewController.h; sourceTree = "<group>"; };
		16D1465014E448750026D7AE /* BookDetailViewController.m */ = {isa = PBXFileReference; fileEncoding = 4; lastKnownFileType = sourcecode.c.objc; path = BookDetailViewController.m; sourceTree = "<group>"; };
		16D1465114E448750026D7AE /* BookDetailViewController.xib */ = {isa = PBXFileReference; fileEncoding = 4; lastKnownFileType = file.xib; path = BookDetailViewController.xib; sourceTree = "<group>"; };
		16D4429E14EAD5AB009B072E /* PolicyViewController.h */ = {isa = PBXFileReference; fileEncoding = 4; lastKnownFileType = sourcecode.c.h; path = PolicyViewController.h; sourceTree = "<group>"; };
		16D4429F14EAD5AB009B072E /* PolicyViewController.m */ = {isa = PBXFileReference; fileEncoding = 4; lastKnownFileType = sourcecode.c.objc; path = PolicyViewController.m; sourceTree = "<group>"; };
		16D442A014EAD5AB009B072E /* PolicyViewController.xib */ = {isa = PBXFileReference; fileEncoding = 4; lastKnownFileType = file.xib; path = PolicyViewController.xib; sourceTree = "<group>"; };
		16D442A414EAD6EA009B072E /* terminos.htm */ = {isa = PBXFileReference; fileEncoding = 4; lastKnownFileType = text.html; path = terminos.htm; sourceTree = "<group>"; };
		16D45B3514FFEC3D0012BE90 /* EndorsementView.h */ = {isa = PBXFileReference; fileEncoding = 4; lastKnownFileType = sourcecode.c.h; path = EndorsementView.h; sourceTree = "<group>"; };
		16D45B3614FFEC3D0012BE90 /* EndorsementView.m */ = {isa = PBXFileReference; fileEncoding = 4; lastKnownFileType = sourcecode.c.objc; path = EndorsementView.m; sourceTree = "<group>"; };
		16D45B3814FFEF4A0012BE90 /* abogados_logo.png */ = {isa = PBXFileReference; lastKnownFileType = image.png; path = abogados_logo.png; sourceTree = "<group>"; };
		16D45B3914FFEF4A0012BE90 /* abogados_logo@2x.png */ = {isa = PBXFileReference; lastKnownFileType = image.png; path = "abogados_logo@2x.png"; sourceTree = "<group>"; };
		16D4D04214E9B6B300321BF3 /* InformationViewController.h */ = {isa = PBXFileReference; fileEncoding = 4; lastKnownFileType = sourcecode.c.h; path = InformationViewController.h; sourceTree = "<group>"; };
		16D4D04314E9B6B300321BF3 /* InformationViewController.m */ = {isa = PBXFileReference; fileEncoding = 4; lastKnownFileType = sourcecode.c.objc; path = InformationViewController.m; sourceTree = "<group>"; };
		16D4D04414E9B6B300321BF3 /* InformationViewController.xib */ = {isa = PBXFileReference; fileEncoding = 4; lastKnownFileType = file.xib; path = InformationViewController.xib; sourceTree = "<group>"; };
		16D5E3D814EABE5E00F52FE0 /* ftc_icon.png */ = {isa = PBXFileReference; lastKnownFileType = image.png; path = ftc_icon.png; sourceTree = "<group>"; };
		16D5E3D914EABE5E00F52FE0 /* ftc_icon@2x.png */ = {isa = PBXFileReference; lastKnownFileType = image.png; path = "ftc_icon@2x.png"; sourceTree = "<group>"; };
		16D5E3DA14EABE5E00F52FE0 /* loteria_icon.png */ = {isa = PBXFileReference; lastKnownFileType = image.png; path = loteria_icon.png; sourceTree = "<group>"; };
		16D5E3DB14EABE5E00F52FE0 /* loteria_icon@2x.png */ = {isa = PBXFileReference; lastKnownFileType = image.png; path = "loteria_icon@2x.png"; sourceTree = "<group>"; };
		16D5E3E114EABE9300F52FE0 /* RLAppsViewController.h */ = {isa = PBXFileReference; fileEncoding = 4; lastKnownFileType = sourcecode.c.h; path = RLAppsViewController.h; sourceTree = "<group>"; };
		16D5E3E214EABE9300F52FE0 /* RLAppsViewController.m */ = {isa = PBXFileReference; fileEncoding = 4; lastKnownFileType = sourcecode.c.objc; path = RLAppsViewController.m; sourceTree = "<group>"; };
		16D5E3E314EABE9300F52FE0 /* RLAppsViewController.xib */ = {isa = PBXFileReference; fileEncoding = 4; lastKnownFileType = file.xib; path = RLAppsViewController.xib; sourceTree = "<group>"; };
		16D8D96414A8E1CE00E88215 /* MessageUI.framework */ = {isa = PBXFileReference; lastKnownFileType = wrapper.framework; name = MessageUI.framework; path = System/Library/Frameworks/MessageUI.framework; sourceTree = SDKROOT; };
		16DD4C9F14A10D200063163D /* PuertoRicoLaw.app */ = {isa = PBXFileReference; explicitFileType = wrapper.application; includeInIndex = 0; path = PuertoRicoLaw.app; sourceTree = BUILT_PRODUCTS_DIR; };
		16DD4CA314A10D200063163D /* UIKit.framework */ = {isa = PBXFileReference; lastKnownFileType = wrapper.framework; name = UIKit.framework; path = System/Library/Frameworks/UIKit.framework; sourceTree = SDKROOT; };
		16DD4CA514A10D200063163D /* Foundation.framework */ = {isa = PBXFileReference; lastKnownFileType = wrapper.framework; name = Foundation.framework; path = System/Library/Frameworks/Foundation.framework; sourceTree = SDKROOT; };
		16DD4CA714A10D200063163D /* CoreGraphics.framework */ = {isa = PBXFileReference; lastKnownFileType = wrapper.framework; name = CoreGraphics.framework; path = System/Library/Frameworks/CoreGraphics.framework; sourceTree = SDKROOT; };
		16DD4CAB14A10D200063163D /* PuertoRicoLaw-Info.plist */ = {isa = PBXFileReference; lastKnownFileType = text.plist.xml; path = "PuertoRicoLaw-Info.plist"; sourceTree = "<group>"; };
		16DD4CAD14A10D200063163D /* en */ = {isa = PBXFileReference; lastKnownFileType = text.plist.strings; name = en; path = en.lproj/InfoPlist.strings; sourceTree = "<group>"; };
		16DD4CAF14A10D200063163D /* main.m */ = {isa = PBXFileReference; lastKnownFileType = sourcecode.c.objc; path = main.m; sourceTree = "<group>"; };
		16DD4CB114A10D200063163D /* PuertoRicoLaw-Prefix.pch */ = {isa = PBXFileReference; lastKnownFileType = sourcecode.c.h; path = "PuertoRicoLaw-Prefix.pch"; sourceTree = "<group>"; };
		16DD4CB214A10D200063163D /* AppDelegate.h */ = {isa = PBXFileReference; lastKnownFileType = sourcecode.c.h; path = AppDelegate.h; sourceTree = "<group>"; };
		16DD4CB314A10D200063163D /* AppDelegate.m */ = {isa = PBXFileReference; lastKnownFileType = sourcecode.c.objc; path = AppDelegate.m; sourceTree = "<group>"; };
		16DD4DA714A1568B0063163D /* Book.h */ = {isa = PBXFileReference; fileEncoding = 4; lastKnownFileType = sourcecode.c.h; path = Book.h; sourceTree = "<group>"; };
		16DD4DA814A1568B0063163D /* Book.m */ = {isa = PBXFileReference; fileEncoding = 4; lastKnownFileType = sourcecode.c.objc; path = Book.m; sourceTree = "<group>"; };
		16DD4DAA14A1569F0063163D /* Section.h */ = {isa = PBXFileReference; fileEncoding = 4; lastKnownFileType = sourcecode.c.h; path = Section.h; sourceTree = "<group>"; };
		16DD4DAB14A1569F0063163D /* Section.m */ = {isa = PBXFileReference; fileEncoding = 4; lastKnownFileType = sourcecode.c.objc; path = Section.m; sourceTree = "<group>"; };
		16DD4DAE14A163640063163D /* Constants.h */ = {isa = PBXFileReference; fileEncoding = 4; lastKnownFileType = sourcecode.c.h; path = Constants.h; sourceTree = "<group>"; };
		16DD4DAF14A16D1E0063163D /* BookData.h */ = {isa = PBXFileReference; fileEncoding = 4; lastKnownFileType = sourcecode.c.h; path = BookData.h; sourceTree = "<group>"; };
		16DD4DB014A16D1E0063163D /* BookData.m */ = {isa = PBXFileReference; fileEncoding = 4; lastKnownFileType = sourcecode.c.objc; path = BookData.m; sourceTree = "<group>"; };
		16DFA24B14B4C79C00517778 /* SearchWebView.js */ = {isa = PBXFileReference; fileEncoding = 4; lastKnownFileType = sourcecode.javascript; path = SearchWebView.js; sourceTree = "<group>"; };
		16DFA24E14B4C7FB00517778 /* UIWebView+Highlight.h */ = {isa = PBXFileReference; fileEncoding = 4; lastKnownFileType = sourcecode.c.h; path = "UIWebView+Highlight.h"; sourceTree = "<group>"; };
		16DFA24F14B4C7FB00517778 /* UIWebView+Highlight.m */ = {isa = PBXFileReference; fileEncoding = 4; lastKnownFileType = sourcecode.c.objc; path = "UIWebView+Highlight.m"; sourceTree = "<group>"; };
/* End PBXFileReference section */

/* Begin PBXFrameworksBuildPhase section */
		16DD4C9C14A10D200063163D /* Frameworks */ = {
			isa = PBXFrameworksBuildPhase;
			buildActionMask = 2147483647;
			files = (
				169FFA18153B94A900065225 /* AudioToolbox.framework in Frameworks */,
				169FFA19153B94A900065225 /* libz.1.1.3.dylib in Frameworks */,
				16240C33153773740052E274 /* CFNetwork.framework in Frameworks */,
				16DD4CA814A10D200063163D /* CoreGraphics.framework in Frameworks */,
				16240C36153773740052E274 /* MobileCoreServices.framework in Frameworks */,
				16240C37153773740052E274 /* QuartzCore.framework in Frameworks */,
				16822ED514A9338B006344D1 /* Security.framework in Frameworks */,
				16240C38153773740052E274 /* SystemConfiguration.framework in Frameworks */,
				161D27311537A61700118393 /* libRestKit.a in Frameworks */,
				16240C34153773740052E274 /* CoreData.framework in Frameworks */,
				16240C35153773740052E274 /* libxml2.dylib in Frameworks */,
				16690F2D150661BD00AC452F /* libz.dylib in Frameworks */,
				16690F2B150661A200AC452F /* libsqlite3.dylib in Frameworks */,
				16D8D96514A8E1CE00E88215 /* MessageUI.framework in Frameworks */,
				16DD4CA414A10D200063163D /* UIKit.framework in Frameworks */,
				16DD4CA614A10D200063163D /* Foundation.framework in Frameworks */,
				169FFA15153B93B300065225 /* Parse.framework in Frameworks */,
			);
			runOnlyForDeploymentPostprocessing = 0;
		};
/* End PBXFrameworksBuildPhase section */

/* Begin PBXGroup section */
		1620F7FD14A196810070E512 /* Helpers */ = {
			isa = PBXGroup;
			children = (
				1620F7FF14A196910070E512 /* FileHelpers.h */,
				1620F80014A196910070E512 /* FileHelpers.m */,
				16822ED014A931B8006344D1 /* NSString+Extras.h */,
				16822ED114A931B8006344D1 /* NSString+Extras.m */,
				1671F10B14AF813B0019B181 /* SectionSelectionDelegate.h */,
				1671F10D14AF91FA0019B181 /* UIViewController+Section.h */,
				1671F10E14AF91FA0019B181 /* UIViewController+Section.m */,
				16DFA24E14B4C7FB00517778 /* UIWebView+Highlight.h */,
				16DFA24F14B4C7FB00517778 /* UIWebView+Highlight.m */,
			);
			name = Helpers;
			sourceTree = "<group>";
		};
		16240C16153771440052E274 /* Products */ = {
			isa = PBXGroup;
			children = (
				16240C21153771440052E274 /* libRestKit.a */,
				16240C23153771440052E274 /* RestKitTests.octest */,
				16240C25153771440052E274 /* RestKit.framework */,
				16240C27153771440052E274 /* RestKitFrameworkTests.octest */,
				16240C29153771440052E274 /* RestKitResources.bundle */,
			);
			name = Products;
			sourceTree = "<group>";
		};
		1646AB2414A3AAC800B27123 /* Singletons */ = {
			isa = PBXGroup;
			children = (
				16DD4DAF14A16D1E0063163D /* BookData.h */,
				16DD4DB014A16D1E0063163D /* BookData.m */,
				165BB8EC14A38758000F8BF3 /* Settings.h */,
				165BB8ED14A38758000F8BF3 /* Settings.m */,
				16DD4CB214A10D200063163D /* AppDelegate.h */,
				16DD4CB314A10D200063163D /* AppDelegate.m */,
			);
			name = Singletons;
			sourceTree = "<group>";
		};
		1646AB2614A3AB2000B27123 /* Custom Views */ = {
			isa = PBXGroup;
			children = (
				1646AB2714A3AB7100B27123 /* BookTableView.h */,
				1646AB2814A3AB7100B27123 /* BookTableView.m */,
				1646AB2A14A3B55800B27123 /* BookTableViewCell.h */,
				1646AB2B14A3B55800B27123 /* BookTableViewCell.m */,
				1663261B14A65249003279C3 /* SectionTableViewCell.h */,
				1663261C14A65249003279C3 /* SectionTableViewCell.m */,
				16D45B3514FFEC3D0012BE90 /* EndorsementView.h */,
				16D45B3614FFEC3D0012BE90 /* EndorsementView.m */,
				162B284F155B43D3001451B7 /* DownloadTableViewCell.h */,
				162B2850155B43D3001451B7 /* DownloadTableViewCell.m */,
			);
			name = "Custom Views";
			sourceTree = "<group>";
		};
		164DF00A14A293CD0087CBD2 /* Images */ = {
			isa = PBXGroup;
			children = (
				16024A381559F74400D84546 /* download.png */,
				16024A391559F74400D84546 /* download@2x.png */,
				16D45B3814FFEF4A0012BE90 /* abogados_logo.png */,
				16D45B3914FFEF4A0012BE90 /* abogados_logo@2x.png */,
				16D5E3D814EABE5E00F52FE0 /* ftc_icon.png */,
				16D5E3D914EABE5E00F52FE0 /* ftc_icon@2x.png */,
				16D5E3DA14EABE5E00F52FE0 /* loteria_icon.png */,
				16D5E3DB14EABE5E00F52FE0 /* loteria_icon@2x.png */,
				16A7061F14E6014500E21931 /* info.png */,
				16A7062014E6014500E21931 /* info@2x.png */,
				165CAC0714AAA78C007469DC /* trash_mini.png */,
				165CAC0814AAA78C007469DC /* trash_mini@2x.png */,
				165DCEFF14A409300045F8EC /* star_cell_selected.png */,
				165DCF0014A409300045F8EC /* star_cell_selected@2x.png */,
				165DCF0114A409300045F8EC /* star_cell.png */,
				165DCF0214A409300045F8EC /* star_cell@2x.png */,
				1617A41714A3184C0016AAF1 /* left_arrow.png */,
				161B5D6614B3598400700D86 /* orgchart.png */,
				161B5D6714B3598400700D86 /* orgchart@2x.png */,
				1617A41814A3184C0016AAF1 /* left_arrow@2x.png */,
				1617A41914A3184C0016AAF1 /* right_arrow.png */,
				1617A41A14A3184C0016AAF1 /* right_arrow@2x.png */,
				1617A3FF14A2FC570016AAF1 /* list.png */,
				1617A40014A2FC570016AAF1 /* list@2x.png */,
				164DF11114A2B6B20087CBD2 /* gears.png */,
				164DF11214A2B6B20087CBD2 /* gears@2x.png */,
				164DF0FB14A2B1B90087CBD2 /* house.png */,
				164DF0FC14A2B1B90087CBD2 /* house@2x.png */,
				164DF10314A2B1B90087CBD2 /* star.png */,
				164DF10414A2B1B90087CBD2 /* star@2x.png */,
				164DF0F514A2A14D0087CBD2 /* magnify_mini.png */,
				164DF0F614A2A14D0087CBD2 /* magnify_mini@2x.png */,
			);
			name = Images;
			sourceTree = "<group>";
		};
		164DF01014A2948F0087CBD2 /* Books */ = {
			isa = PBXGroup;
			children = (
				1616E2751534A6030029E916 /* CodigoCivil.plist */,
				1616E2761534A6030029E916 /* Electoral.plist */,
				1616E2771534A6030029E916 /* Transito.plist */,
				16C262CD151B6DB100B63843 /* ASUME.plist */,
				163252F4150510DC00259E10 /* CodigoPenal2004.plist */,
				163252F5150510DC00259E10 /* ConstitucionPR.plist */,
				163252F6150510DC00259E10 /* Notarial.plist */,
				163252F7150510DC00259E10 /* ProcedimientoAdministrativoUniforme.plist */,
				163252F8150510DC00259E10 /* ReglasEvidencia2009.plist */,
				163252F9150510DC00259E10 /* ReglasProcedimientoCivil2009.plist */,
				163252FA150510DC00259E10 /* ReglasProcedimientoCriminal.plist */,
				163252FB150510DC00259E10 /* ViolenciaDomestica.plist */,
			);
			path = Books;
			sourceTree = "<group>";
		};
		16690F1E150660D700AC452F /* Localytics */ = {
			isa = PBXGroup;
			children = (
				16690F1F150660D700AC452F /* LocalyticsDatabase.h */,
				16690F20150660D700AC452F /* LocalyticsDatabase.m */,
				16690F21150660D700AC452F /* LocalyticsSession.h */,
				16690F22150660D700AC452F /* LocalyticsSession.m */,
				16690F23150660D700AC452F /* UploaderThread.h */,
				16690F24150660D700AC452F /* UploaderThread.m */,
				16690F25150660D700AC452F /* WebserviceConstants.h */,
			);
			name = Localytics;
			path = Libraries/Localytics;
			sourceTree = "<group>";
		};
		167E367A15389A3200EA535E /* ZipArchive */ = {
			isa = PBXGroup;
			children = (
				167E367B15389A3200EA535E /* minizip */,
				167E368515389A3200EA535E /* ZipArchive.h */,
				167E368615389A3200EA535E /* ZipArchive.mm */,
			);
			name = ZipArchive;
			path = Libraries/ZipArchive;
			sourceTree = "<group>";
		};
		167E367B15389A3200EA535E /* minizip */ = {
			isa = PBXGroup;
			children = (
				167E367C15389A3200EA535E /* crypt.h */,
				167E367D15389A3200EA535E /* ioapi.c */,
				167E367E15389A3200EA535E /* ioapi.h */,
				167E367F15389A3200EA535E /* mztools.c */,
				167E368015389A3200EA535E /* mztools.h */,
				167E368115389A3200EA535E /* unzip.c */,
				167E368215389A3200EA535E /* unzip.h */,
				167E368315389A3200EA535E /* zip.c */,
				167E368415389A3200EA535E /* zip.h */,
			);
			path = minizip;
			sourceTree = "<group>";
		};
		167EF1D414A23D700058F8D1 /* Controllers */ = {
			isa = PBXGroup;
			children = (
				167EF1D514A23DAA0058F8D1 /* BookViewController.h */,
				167EF1D614A23DAA0058F8D1 /* BookViewController.m */,
				16D1464F14E448750026D7AE /* BookDetailViewController.h */,
				16D1465014E448750026D7AE /* BookDetailViewController.m */,
				167EF24014A24D250058F8D1 /* SectionListViewController.h */,
				167EF24114A24D250058F8D1 /* SectionListViewController.m */,
				167EF24514A251320058F8D1 /* SectionContentViewController.h */,
				167EF24614A251320058F8D1 /* SectionContentViewController.m */,
				164DF0F014A29D160087CBD2 /* SettingsViewController.h */,
				164DF0F114A29D160087CBD2 /* SettingsViewController.m */,
				169151A414A2C11D001E59C2 /* FavoritesViewController.h */,
				169151A514A2C11D001E59C2 /* FavoritesViewController.m */,
				1673F16714ACAED90065126B /* TableSelectViewController.h */,
				1673F16814ACAED90065126B /* TableSelectViewController.m */,
				1673F17514ACDF1D0065126B /* ContentPreviewViewController.h */,
				1673F17614ACDF1D0065126B /* ContentPreviewViewController.m */,
				163E2B2314B33FAF008C50DE /* SearchViewController.h */,
				163E2B2414B33FAF008C50DE /* SearchViewController.m */,
				16D4D04214E9B6B300321BF3 /* InformationViewController.h */,
				16D4D04314E9B6B300321BF3 /* InformationViewController.m */,
				16D5E3E114EABE9300F52FE0 /* RLAppsViewController.h */,
				16D5E3E214EABE9300F52FE0 /* RLAppsViewController.m */,
				16D4429E14EAD5AB009B072E /* PolicyViewController.h */,
				16D4429F14EAD5AB009B072E /* PolicyViewController.m */,
				16024A3C1559F9B000D84546 /* DownloadsViewController.h */,
				16024A3D1559F9B000D84546 /* DownloadsViewController.m */,
			);
			name = Controllers;
			sourceTree = "<group>";
		};
		167EF1D814A23F570058F8D1 /* Views */ = {
			isa = PBXGroup;
			children = (
				16024A3E1559F9B000D84546 /* DownloadsViewController.xib */,
				167EF1D914A23F790058F8D1 /* BookViewController.xib */,
				16D1465114E448750026D7AE /* BookDetailViewController.xib */,
				167EF24214A24D250058F8D1 /* SectionListViewController.xib */,
				167EF24714A251320058F8D1 /* SectionContentViewController.xib */,
				164DF0F214A29D160087CBD2 /* SettingsViewController.xib */,
				16D4D04414E9B6B300321BF3 /* InformationViewController.xib */,
				169151A614A2C11D001E59C2 /* FavoritesViewController.xib */,
				1673F16914ACAED90065126B /* TableSelectViewController.xib */,
				1673F17714ACDF1D0065126B /* ContentPreviewViewController.xib */,
				163E2B2514B33FAF008C50DE /* SearchViewController.xib */,
				16D5E3E314EABE9300F52FE0 /* RLAppsViewController.xib */,
				16D442A014EAD5AB009B072E /* PolicyViewController.xib */,
			);
			name = Views;
			sourceTree = "<group>";
		};
		16CAD3F1153B342D00B737DB /* Libraries */ = {
			isa = PBXGroup;
			children = (
				16CAD3F5153B344900B737DB /* MBProgressHUD */,
				16240C15153771440052E274 /* RestKit.xcodeproj */,
				167E367A15389A3200EA535E /* ZipArchive */,
				16690F1E150660D700AC452F /* Localytics */,
			);
			name = Libraries;
			sourceTree = "<group>";
		};
		16CAD3F5153B344900B737DB /* MBProgressHUD */ = {
			isa = PBXGroup;
			children = (
				16CAD3F6153B346900B737DB /* MBProgressHUD.h */,
				16CAD3F7153B346900B737DB /* MBProgressHUD.m */,
			);
			name = MBProgressHUD;
			sourceTree = "<group>";
		};
		16DD4C9414A10D200063163D = {
			isa = PBXGroup;
			children = (
				16DD4CA914A10D200063163D /* PuertoRicoLaw */,
				16CAD3F1153B342D00B737DB /* Libraries */,
				16DD4CA214A10D200063163D /* Frameworks */,
				16DD4CA014A10D200063163D /* Products */,
			);
			sourceTree = "<group>";
		};
		16DD4CA014A10D200063163D /* Products */ = {
			isa = PBXGroup;
			children = (
				16DD4C9F14A10D200063163D /* PuertoRicoLaw.app */,
			);
			name = Products;
			sourceTree = "<group>";
		};
		16DD4CA214A10D200063163D /* Frameworks */ = {
			isa = PBXGroup;
			children = (
				169FFA16153B94A900065225 /* AudioToolbox.framework */,
				169FFA17153B94A900065225 /* libz.1.1.3.dylib */,
				169FFA14153B93B300065225 /* Parse.framework */,
				16240C2D153773740052E274 /* CFNetwork.framework */,
				16240C2E153773740052E274 /* CoreData.framework */,
				16240C2F153773740052E274 /* libxml2.dylib */,
				16240C30153773740052E274 /* MobileCoreServices.framework */,
				16240C31153773740052E274 /* QuartzCore.framework */,
				16240C32153773740052E274 /* SystemConfiguration.framework */,
				16690F2C150661BD00AC452F /* libz.dylib */,
				16690F2A150661A200AC452F /* libsqlite3.dylib */,
				16822ED414A9338B006344D1 /* Security.framework */,
				16D8D96414A8E1CE00E88215 /* MessageUI.framework */,
				16DD4CA314A10D200063163D /* UIKit.framework */,
				16DD4CA514A10D200063163D /* Foundation.framework */,
				16DD4CA714A10D200063163D /* CoreGraphics.framework */,
			);
			name = Frameworks;
			sourceTree = "<group>";
		};
		16DD4CA914A10D200063163D /* PuertoRicoLaw */ = {
			isa = PBXGroup;
			children = (
				167EF1D414A23D700058F8D1 /* Controllers */,
				16DD4DA614A156690063163D /* Model + Data */,
				1620F7FD14A196810070E512 /* Helpers */,
				16DD4DAD14A1634A0063163D /* Constants */,
				1646AB2414A3AAC800B27123 /* Singletons */,
				1646AB2614A3AB2000B27123 /* Custom Views */,
				167EF1D814A23F570058F8D1 /* Views */,
				16DD4CAA14A10D200063163D /* Supporting Files */,
			);
			path = PuertoRicoLaw;
			sourceTree = "<group>";
		};
		16DD4CAA14A10D200063163D /* Supporting Files */ = {
			isa = PBXGroup;
			children = (
				16CCD28615350A4700F43CB4 /* Icon-72@2x.png */,
				16CCD28715350A4700F43CB4 /* Icon-Small-50@2x.png */,
				1659E6DA1534D29200E52053 /* Default-Landscape.png */,
				1659E6DB1534D29200E52053 /* Default-Landscape@2x.png */,
				1659E6DC1534D29200E52053 /* Default-Portrait.png */,
				1659E6DD1534D29200E52053 /* Default-Portrait@2x.png */,
				163253131505182300259E10 /* Icon-72.png */,
				163253141505182300259E10 /* Icon-Small-50.png */,
				163253151505182300259E10 /* Icon-Small.png */,
				163253161505182300259E10 /* Icon-Small@2x.png */,
				163253171505182300259E10 /* Icon.png */,
				163253181505182300259E10 /* Icon@2x.png */,
				163253191505182300259E10 /* iTunesArtwork */,
				1689961B14FFC5EB00D06AB9 /* Default.png */,
				1689961C14FFC5EB00D06AB9 /* Default@2x.png */,
				164DF01014A2948F0087CBD2 /* Books */,
				164DF00A14A293CD0087CBD2 /* Images */,
				16DD4CAB14A10D200063163D /* PuertoRicoLaw-Info.plist */,
				1619833D14F684EE0024302E /* PuertoRicoLawBooks.plist */,
				16DD4CAC14A10D200063163D /* InfoPlist.strings */,
				16DD4CAF14A10D200063163D /* main.m */,
				16DD4CB114A10D200063163D /* PuertoRicoLaw-Prefix.pch */,
				16DFA24B14B4C79C00517778 /* SearchWebView.js */,
				1661C59A14BF333300C5603F /* Settings.bundle */,
				16D442A414EAD6EA009B072E /* terminos.htm */,
			);
			name = "Supporting Files";
			sourceTree = "<group>";
		};
		16DD4DA614A156690063163D /* Model + Data */ = {
			isa = PBXGroup;
			children = (
				16DD4DA714A1568B0063163D /* Book.h */,
				16DD4DA814A1568B0063163D /* Book.m */,
				16DD4DAA14A1569F0063163D /* Section.h */,
				16DD4DAB14A1569F0063163D /* Section.m */,
				1671F11014AF9F290019B181 /* SectionManager.h */,
				1671F11114AF9F290019B181 /* SectionManager.m */,
				167E35B21538528600EA535E /* APIBook.h */,
				167E35B31538528600EA535E /* APIBook.m */,
			);
			name = "Model + Data";
			sourceTree = "<group>";
		};
		16DD4DAD14A1634A0063163D /* Constants */ = {
			isa = PBXGroup;
			children = (
				16DD4DAE14A163640063163D /* Constants.h */,
			);
			name = Constants;
			sourceTree = "<group>";
		};
/* End PBXGroup section */

/* Begin PBXNativeTarget section */
		16DD4C9E14A10D200063163D /* PuertoRicoLaw */ = {
			isa = PBXNativeTarget;
			buildConfigurationList = 16DD4CB714A10D200063163D /* Build configuration list for PBXNativeTarget "PuertoRicoLaw" */;
			buildPhases = (
				16DD4C9B14A10D200063163D /* Sources */,
				16DD4C9C14A10D200063163D /* Frameworks */,
				16DD4C9D14A10D200063163D /* Resources */,
			);
			buildRules = (
			);
			dependencies = (
				16240C2C153772CE0052E274 /* PBXTargetDependency */,
			);
			name = PuertoRicoLaw;
			productName = PuertoRicoLaw;
			productReference = 16DD4C9F14A10D200063163D /* PuertoRicoLaw.app */;
			productType = "com.apple.product-type.application";
		};
/* End PBXNativeTarget section */

/* Begin PBXProject section */
		16DD4C9614A10D200063163D /* Project object */ = {
			isa = PBXProject;
			attributes = {
				LastUpgradeCheck = 0430;
				ORGANIZATIONNAME = "Axel Rivera";
			};
			buildConfigurationList = 16DD4C9914A10D200063163D /* Build configuration list for PBXProject "PuertoRicoLaw" */;
			compatibilityVersion = "Xcode 3.2";
			developmentRegion = English;
			hasScannedForEncodings = 0;
			knownRegions = (
				en,
			);
			mainGroup = 16DD4C9414A10D200063163D;
			productRefGroup = 16DD4CA014A10D200063163D /* Products */;
			projectDirPath = "";
			projectReferences = (
				{
					ProductGroup = 16240C16153771440052E274 /* Products */;
					ProjectRef = 16240C15153771440052E274 /* RestKit.xcodeproj */;
				},
			);
			projectRoot = "";
			targets = (
				16DD4C9E14A10D200063163D /* PuertoRicoLaw */,
			);
		};
/* End PBXProject section */

/* Begin PBXReferenceProxy section */
		16240C21153771440052E274 /* libRestKit.a */ = {
			isa = PBXReferenceProxy;
			fileType = archive.ar;
			path = libRestKit.a;
			remoteRef = 16240C20153771440052E274 /* PBXContainerItemProxy */;
			sourceTree = BUILT_PRODUCTS_DIR;
		};
		16240C23153771440052E274 /* RestKitTests.octest */ = {
			isa = PBXReferenceProxy;
			fileType = wrapper.cfbundle;
			path = RestKitTests.octest;
			remoteRef = 16240C22153771440052E274 /* PBXContainerItemProxy */;
			sourceTree = BUILT_PRODUCTS_DIR;
		};
		16240C25153771440052E274 /* RestKit.framework */ = {
			isa = PBXReferenceProxy;
			fileType = wrapper.framework;
			path = RestKit.framework;
			remoteRef = 16240C24153771440052E274 /* PBXContainerItemProxy */;
			sourceTree = BUILT_PRODUCTS_DIR;
		};
		16240C27153771440052E274 /* RestKitFrameworkTests.octest */ = {
			isa = PBXReferenceProxy;
			fileType = wrapper.cfbundle;
			path = RestKitFrameworkTests.octest;
			remoteRef = 16240C26153771440052E274 /* PBXContainerItemProxy */;
			sourceTree = BUILT_PRODUCTS_DIR;
		};
		16240C29153771440052E274 /* RestKitResources.bundle */ = {
			isa = PBXReferenceProxy;
			fileType = wrapper.cfbundle;
			path = RestKitResources.bundle;
			remoteRef = 16240C28153771440052E274 /* PBXContainerItemProxy */;
			sourceTree = BUILT_PRODUCTS_DIR;
		};
/* End PBXReferenceProxy section */

/* Begin PBXResourcesBuildPhase section */
		16DD4C9D14A10D200063163D /* Resources */ = {
			isa = PBXResourcesBuildPhase;
			buildActionMask = 2147483647;
			files = (
				1631D87414B4E98D00F77790 /* SearchWebView.js in Resources */,
				16DD4CAE14A10D200063163D /* InfoPlist.strings in Resources */,
				167EF1DA14A23F790058F8D1 /* BookViewController.xib in Resources */,
				167EF24414A24D250058F8D1 /* SectionListViewController.xib in Resources */,
				167EF24914A251320058F8D1 /* SectionContentViewController.xib in Resources */,
				164DF0F414A29D160087CBD2 /* SettingsViewController.xib in Resources */,
				164DF0F714A2A14D0087CBD2 /* magnify_mini.png in Resources */,
				164DF0F814A2A14D0087CBD2 /* magnify_mini@2x.png in Resources */,
				164DF10714A2B1B90087CBD2 /* house.png in Resources */,
				164DF10814A2B1B90087CBD2 /* house@2x.png in Resources */,
				164DF10F14A2B1B90087CBD2 /* star.png in Resources */,
				164DF11014A2B1B90087CBD2 /* star@2x.png in Resources */,
				164DF11314A2B6B20087CBD2 /* gears.png in Resources */,
				164DF11414A2B6B20087CBD2 /* gears@2x.png in Resources */,
				169151A814A2C11D001E59C2 /* FavoritesViewController.xib in Resources */,
				1617A40114A2FC570016AAF1 /* list.png in Resources */,
				1617A40214A2FC570016AAF1 /* list@2x.png in Resources */,
				1617A41B14A3184C0016AAF1 /* left_arrow.png in Resources */,
				1617A41C14A3184C0016AAF1 /* left_arrow@2x.png in Resources */,
				1617A41D14A3184C0016AAF1 /* right_arrow.png in Resources */,
				1617A41E14A3184C0016AAF1 /* right_arrow@2x.png in Resources */,
				165DCF0314A409300045F8EC /* star_cell_selected.png in Resources */,
				165DCF0414A409300045F8EC /* star_cell_selected@2x.png in Resources */,
				165DCF0514A409300045F8EC /* star_cell.png in Resources */,
				165DCF0614A409300045F8EC /* star_cell@2x.png in Resources */,
				165CAC0914AAA78C007469DC /* trash_mini.png in Resources */,
				165CAC0A14AAA78C007469DC /* trash_mini@2x.png in Resources */,
				1673F16B14ACAED90065126B /* TableSelectViewController.xib in Resources */,
				1673F17914ACDF1D0065126B /* ContentPreviewViewController.xib in Resources */,
				163E2B2714B33FAF008C50DE /* SearchViewController.xib in Resources */,
				161B5D6814B3598400700D86 /* orgchart.png in Resources */,
				161B5D6914B3598400700D86 /* orgchart@2x.png in Resources */,
				1661C59B14BF333300C5603F /* Settings.bundle in Resources */,
				16D1465314E448750026D7AE /* BookDetailViewController.xib in Resources */,
				16A7062114E6014500E21931 /* info.png in Resources */,
				16A7062214E6014500E21931 /* info@2x.png in Resources */,
				16D4D04614E9B6B300321BF3 /* InformationViewController.xib in Resources */,
				16D5E3DC14EABE5E00F52FE0 /* ftc_icon.png in Resources */,
				16D5E3DD14EABE5E00F52FE0 /* ftc_icon@2x.png in Resources */,
				16D5E3DE14EABE5E00F52FE0 /* loteria_icon.png in Resources */,
				16D5E3DF14EABE5E00F52FE0 /* loteria_icon@2x.png in Resources */,
				16D5E3E514EABE9300F52FE0 /* RLAppsViewController.xib in Resources */,
				16D442A214EAD5AB009B072E /* PolicyViewController.xib in Resources */,
				16D442A514EAD6EA009B072E /* terminos.htm in Resources */,
				1619833E14F684EE0024302E /* PuertoRicoLawBooks.plist in Resources */,
				1689961D14FFC5EB00D06AB9 /* Default.png in Resources */,
				1689961E14FFC5EB00D06AB9 /* Default@2x.png in Resources */,
				16D45B3A14FFEF4A0012BE90 /* abogados_logo.png in Resources */,
				16D45B3B14FFEF4A0012BE90 /* abogados_logo@2x.png in Resources */,
				163252FD150510DC00259E10 /* CodigoPenal2004.plist in Resources */,
				163252FE150510DC00259E10 /* ConstitucionPR.plist in Resources */,
				163252FF150510DC00259E10 /* Notarial.plist in Resources */,
				16325300150510DC00259E10 /* ProcedimientoAdministrativoUniforme.plist in Resources */,
				16325301150510DC00259E10 /* ReglasEvidencia2009.plist in Resources */,
				16325302150510DC00259E10 /* ReglasProcedimientoCivil2009.plist in Resources */,
				16325303150510DC00259E10 /* ReglasProcedimientoCriminal.plist in Resources */,
				16325304150510DC00259E10 /* ViolenciaDomestica.plist in Resources */,
				1632531A1505182300259E10 /* Icon-72.png in Resources */,
				1632531B1505182300259E10 /* Icon-Small-50.png in Resources */,
				1632531C1505182300259E10 /* Icon-Small.png in Resources */,
				1632531D1505182300259E10 /* Icon-Small@2x.png in Resources */,
				1632531E1505182300259E10 /* Icon.png in Resources */,
				1632531F1505182300259E10 /* Icon@2x.png in Resources */,
				163253201505182300259E10 /* iTunesArtwork in Resources */,
				16C262CF151B6DB100B63843 /* ASUME.plist in Resources */,
				1616E2781534A6030029E916 /* CodigoCivil.plist in Resources */,
				1616E2791534A6030029E916 /* Electoral.plist in Resources */,
				1616E27A1534A6030029E916 /* Transito.plist in Resources */,
				1659E6DE1534D29200E52053 /* Default-Landscape.png in Resources */,
				1659E6DF1534D29200E52053 /* Default-Landscape@2x.png in Resources */,
				1659E6E01534D29200E52053 /* Default-Portrait.png in Resources */,
				1659E6E11534D29200E52053 /* Default-Portrait@2x.png in Resources */,
				16CCD28815350A4700F43CB4 /* Icon-72@2x.png in Resources */,
				16CCD28915350A4700F43CB4 /* Icon-Small-50@2x.png in Resources */,
				16024A3A1559F74400D84546 /* download.png in Resources */,
				16024A3B1559F74400D84546 /* download@2x.png in Resources */,
				16024A401559F9B000D84546 /* DownloadsViewController.xib in Resources */,
			);
			runOnlyForDeploymentPostprocessing = 0;
		};
/* End PBXResourcesBuildPhase section */

/* Begin PBXSourcesBuildPhase section */
		16DD4C9B14A10D200063163D /* Sources */ = {
			isa = PBXSourcesBuildPhase;
			buildActionMask = 2147483647;
			files = (
				16DD4CB014A10D200063163D /* main.m in Sources */,
				16DD4CB414A10D200063163D /* AppDelegate.m in Sources */,
				16DD4DA914A1568B0063163D /* Book.m in Sources */,
				16DD4DAC14A1569F0063163D /* Section.m in Sources */,
				16DD4DB114A16D1E0063163D /* BookData.m in Sources */,
				1620F80114A196910070E512 /* FileHelpers.m in Sources */,
				167EF1D714A23DAA0058F8D1 /* BookViewController.m in Sources */,
				167EF24314A24D250058F8D1 /* SectionListViewController.m in Sources */,
				167EF24814A251320058F8D1 /* SectionContentViewController.m in Sources */,
				164DF0F314A29D160087CBD2 /* SettingsViewController.m in Sources */,
				169151A714A2C11D001E59C2 /* FavoritesViewController.m in Sources */,
				165BB8EE14A38758000F8BF3 /* Settings.m in Sources */,
				1646AB2914A3AB7100B27123 /* BookTableView.m in Sources */,
				1646AB2C14A3B55800B27123 /* BookTableViewCell.m in Sources */,
				1663261D14A65249003279C3 /* SectionTableViewCell.m in Sources */,
				16822ED214A931B8006344D1 /* NSString+Extras.m in Sources */,
				1673F16A14ACAED90065126B /* TableSelectViewController.m in Sources */,
				1673F17814ACDF1D0065126B /* ContentPreviewViewController.m in Sources */,
				1671F10F14AF91FA0019B181 /* UIViewController+Section.m in Sources */,
				1671F11214AF9F290019B181 /* SectionManager.m in Sources */,
				163E2B2614B33FAF008C50DE /* SearchViewController.m in Sources */,
				16DFA25014B4C7FB00517778 /* UIWebView+Highlight.m in Sources */,
				16D1465214E448750026D7AE /* BookDetailViewController.m in Sources */,
				16D4D04514E9B6B300321BF3 /* InformationViewController.m in Sources */,
				16D5E3E414EABE9300F52FE0 /* RLAppsViewController.m in Sources */,
				16D442A114EAD5AB009B072E /* PolicyViewController.m in Sources */,
				16D45B3714FFEC3D0012BE90 /* EndorsementView.m in Sources */,
				16690F26150660D700AC452F /* LocalyticsDatabase.m in Sources */,
				16690F27150660D700AC452F /* LocalyticsSession.m in Sources */,
				16690F28150660D700AC452F /* UploaderThread.m in Sources */,
				167E35B41538528600EA535E /* APIBook.m in Sources */,
				167E368715389A3200EA535E /* ioapi.c in Sources */,
				167E368815389A3200EA535E /* mztools.c in Sources */,
				167E368915389A3200EA535E /* unzip.c in Sources */,
				167E368A15389A3200EA535E /* zip.c in Sources */,
				167E368B15389A3200EA535E /* ZipArchive.mm in Sources */,
				16CAD3F8153B346900B737DB /* MBProgressHUD.m in Sources */,
				16024A3F1559F9B000D84546 /* DownloadsViewController.m in Sources */,
				162B2851155B43D3001451B7 /* DownloadTableViewCell.m in Sources */,
			);
			runOnlyForDeploymentPostprocessing = 0;
		};
/* End PBXSourcesBuildPhase section */

/* Begin PBXTargetDependency section */
		16240C2C153772CE0052E274 /* PBXTargetDependency */ = {
			isa = PBXTargetDependency;
			name = RestKit;
			targetProxy = 16240C2B153772CE0052E274 /* PBXContainerItemProxy */;
		};
/* End PBXTargetDependency section */

/* Begin PBXVariantGroup section */
		16DD4CAC14A10D200063163D /* InfoPlist.strings */ = {
			isa = PBXVariantGroup;
			children = (
				16DD4CAD14A10D200063163D /* en */,
			);
			name = InfoPlist.strings;
			sourceTree = "<group>";
		};
/* End PBXVariantGroup section */

/* Begin XCBuildConfiguration section */
		16DD4CB514A10D200063163D /* Debug */ = {
			isa = XCBuildConfiguration;
			buildSettings = {
				ALWAYS_SEARCH_USER_PATHS = NO;
				ARCHS = (
					armv6,
					"$(ARCHS_STANDARD_32_BIT)",
				);
				CLANG_ENABLE_OBJC_ARC = YES;
				"CODE_SIGN_IDENTITY[sdk=iphoneos*]" = "iPhone Developer: Axel Rivera (7GJQFAYSB9)";
				COPY_PHASE_STRIP = NO;
				GCC_C_LANGUAGE_STANDARD = gnu99;
				GCC_DYNAMIC_NO_PIC = NO;
				GCC_OPTIMIZATION_LEVEL = 0;
				GCC_PREPROCESSOR_DEFINITIONS = (
					"DEBUG=1",
					"$(inherited)",
				);
				GCC_SYMBOLS_PRIVATE_EXTERN = NO;
				GCC_THUMB_SUPPORT = NO;
				GCC_VERSION = com.apple.compilers.llvm.clang.1_0;
				GCC_WARN_ABOUT_MISSING_PROTOTYPES = YES;
				GCC_WARN_ABOUT_RETURN_TYPE = YES;
				GCC_WARN_UNUSED_VARIABLE = YES;
				IPHONEOS_DEPLOYMENT_TARGET = 4.0;
				"PROVISIONING_PROFILE[sdk=iphoneos*]" = "3FD21C81-FA16-4EE7-9CDC-B42585B47069";
				SDKROOT = iphoneos;
			};
			name = Debug;
		};
		16DD4CB614A10D200063163D /* Release */ = {
			isa = XCBuildConfiguration;
			buildSettings = {
				ALWAYS_SEARCH_USER_PATHS = NO;
				ARCHS = (
					armv6,
					"$(ARCHS_STANDARD_32_BIT)",
				);
				CLANG_ENABLE_OBJC_ARC = YES;
				"CODE_SIGN_IDENTITY[sdk=iphoneos*]" = "iPhone Distribution: Axel Rivera";
				COPY_PHASE_STRIP = YES;
				GCC_C_LANGUAGE_STANDARD = gnu99;
				GCC_THUMB_SUPPORT = NO;
				GCC_VERSION = com.apple.compilers.llvm.clang.1_0;
				GCC_WARN_ABOUT_MISSING_PROTOTYPES = YES;
				GCC_WARN_ABOUT_RETURN_TYPE = YES;
				GCC_WARN_UNUSED_VARIABLE = YES;
				IPHONEOS_DEPLOYMENT_TARGET = 4.0;
				OTHER_CFLAGS = "-DNS_BLOCK_ASSERTIONS=1";
				"PROVISIONING_PROFILE[sdk=iphoneos*]" = "B2E4DA6F-B2EE-4A3A-9F31-EAE50BE2BD53";
				SDKROOT = iphoneos;
				VALIDATE_PRODUCT = YES;
			};
			name = Release;
		};
		16DD4CB814A10D200063163D /* Debug */ = {
			isa = XCBuildConfiguration;
			buildSettings = {
				ALWAYS_SEARCH_USER_PATHS = NO;
				FRAMEWORK_SEARCH_PATHS = (
					"$(inherited)",
					"\"$(SRCROOT)\"",
					"\"$(SRCROOT)/Libraries\"",
				);
				GCC_PRECOMPILE_PREFIX_HEADER = YES;
				GCC_PREFIX_HEADER = "PuertoRicoLaw/PuertoRicoLaw-Prefix.pch";
				GCC_THUMB_SUPPORT = NO;
				HEADER_SEARCH_PATHS = "\"$(BUILT_PRODUCTS_DIR)/../../Headers\"/**";
				INFOPLIST_FILE = "PuertoRicoLaw/PuertoRicoLaw-Info.plist";
				IPHONEOS_DEPLOYMENT_TARGET = 4.0;
				OTHER_LDFLAGS = "-ObjC";
				PRODUCT_NAME = "$(TARGET_NAME)";
				TARGETED_DEVICE_FAMILY = "1,2";
				USER_HEADER_SEARCH_PATHS = "\"$(SOURCE_ROOT)/Libraries/ZipArchive\"/**";
				WRAPPER_EXTENSION = app;
			};
			name = Debug;
		};
		16DD4CB914A10D200063163D /* Release */ = {
			isa = XCBuildConfiguration;
			buildSettings = {
				ALWAYS_SEARCH_USER_PATHS = NO;
				"CODE_SIGN_IDENTITY[sdk=iphoneos*]" = "iPhone Distribution: Axel Rivera";
				FRAMEWORK_SEARCH_PATHS = (
					"$(inherited)",
					"\"$(SRCROOT)\"",
					"\"$(SRCROOT)/Libraries\"",
				);
				GCC_PRECOMPILE_PREFIX_HEADER = YES;
				GCC_PREFIX_HEADER = "PuertoRicoLaw/PuertoRicoLaw-Prefix.pch";
				GCC_THUMB_SUPPORT = NO;
				HEADER_SEARCH_PATHS = "\"$(BUILT_PRODUCTS_DIR)/../../Headers\"/**";
				INFOPLIST_FILE = "PuertoRicoLaw/PuertoRicoLaw-Info.plist";
				IPHONEOS_DEPLOYMENT_TARGET = 4.0;
				OTHER_LDFLAGS = "-ObjC";
				PRODUCT_NAME = "$(TARGET_NAME)";
				"PROVISIONING_PROFILE[sdk=iphoneos*]" = "B2E4DA6F-B2EE-4A3A-9F31-EAE50BE2BD53";
				TARGETED_DEVICE_FAMILY = "1,2";
				USER_HEADER_SEARCH_PATHS = "\"$(SOURCE_ROOT)/Libraries/ZipArchive\"/**";
				WRAPPER_EXTENSION = app;
			};
			name = Release;
		};
/* End XCBuildConfiguration section */

/* Begin XCConfigurationList section */
		16DD4C9914A10D200063163D /* Build configuration list for PBXProject "PuertoRicoLaw" */ = {
			isa = XCConfigurationList;
			buildConfigurations = (
				16DD4CB514A10D200063163D /* Debug */,
				16DD4CB614A10D200063163D /* Release */,
			);
			defaultConfigurationIsVisible = 0;
			defaultConfigurationName = Release;
		};
		16DD4CB714A10D200063163D /* Build configuration list for PBXNativeTarget "PuertoRicoLaw" */ = {
			isa = XCConfigurationList;
			buildConfigurations = (
				16DD4CB814A10D200063163D /* Debug */,
				16DD4CB914A10D200063163D /* Release */,
			);
			defaultConfigurationIsVisible = 0;
			defaultConfigurationName = Release;
		};
/* End XCConfigurationList section */
	};
	rootObject = 16DD4C9614A10D200063163D /* Project object */;
}
