// !$*UTF8*$!
{
	archiveVersion = 1;
	classes = {
	};
	objectVersion = 46;
	objects = {

/* Begin PBXBuildFile section */
		1620F80114A196910070E512 /* FileHelpers.m in Sources */ = {isa = PBXBuildFile; fileRef = 1620F80014A196910070E512 /* FileHelpers.m */; };
		164ED2E214A201D700C633C7 /* Constitution.plist in Resources */ = {isa = PBXBuildFile; fileRef = 164ED27914A201D700C633C7 /* Constitution.plist */; };
		164ED35614A2082000C633C7 /* constitution_article_1_section_1.html in Resources */ = {isa = PBXBuildFile; fileRef = 164ED2E514A2082000C633C7 /* constitution_article_1_section_1.html */; };
		164ED35714A2082000C633C7 /* constitution_article_1_section_2.html in Resources */ = {isa = PBXBuildFile; fileRef = 164ED2E614A2082000C633C7 /* constitution_article_1_section_2.html */; };
		164ED35814A2082000C633C7 /* constitution_article_1_section_3.html in Resources */ = {isa = PBXBuildFile; fileRef = 164ED2E714A2082000C633C7 /* constitution_article_1_section_3.html */; };
		164ED35914A2082000C633C7 /* constitution_article_1_section_4.html in Resources */ = {isa = PBXBuildFile; fileRef = 164ED2E814A2082000C633C7 /* constitution_article_1_section_4.html */; };
		164ED35A14A2082000C633C7 /* constitution_article_2_section_1.html in Resources */ = {isa = PBXBuildFile; fileRef = 164ED2EA14A2082000C633C7 /* constitution_article_2_section_1.html */; };
		164ED35B14A2082000C633C7 /* constitution_article_2_section_10.html in Resources */ = {isa = PBXBuildFile; fileRef = 164ED2EB14A2082000C633C7 /* constitution_article_2_section_10.html */; };
		164ED35C14A2082000C633C7 /* constitution_article_2_section_11.html in Resources */ = {isa = PBXBuildFile; fileRef = 164ED2EC14A2082000C633C7 /* constitution_article_2_section_11.html */; };
		164ED35D14A2082000C633C7 /* constitution_article_2_section_12.html in Resources */ = {isa = PBXBuildFile; fileRef = 164ED2ED14A2082000C633C7 /* constitution_article_2_section_12.html */; };
		164ED35E14A2082000C633C7 /* constitution_article_2_section_13.html in Resources */ = {isa = PBXBuildFile; fileRef = 164ED2EE14A2082000C633C7 /* constitution_article_2_section_13.html */; };
		164ED35F14A2082000C633C7 /* constitution_article_2_section_14.html in Resources */ = {isa = PBXBuildFile; fileRef = 164ED2EF14A2082000C633C7 /* constitution_article_2_section_14.html */; };
		164ED36014A2082000C633C7 /* constitution_article_2_section_15.html in Resources */ = {isa = PBXBuildFile; fileRef = 164ED2F014A2082000C633C7 /* constitution_article_2_section_15.html */; };
		164ED36114A2082000C633C7 /* constitution_article_2_section_16.html in Resources */ = {isa = PBXBuildFile; fileRef = 164ED2F114A2082000C633C7 /* constitution_article_2_section_16.html */; };
		164ED36214A2082000C633C7 /* constitution_article_2_section_17.html in Resources */ = {isa = PBXBuildFile; fileRef = 164ED2F214A2082000C633C7 /* constitution_article_2_section_17.html */; };
		164ED36314A2082000C633C7 /* constitution_article_2_section_18.html in Resources */ = {isa = PBXBuildFile; fileRef = 164ED2F314A2082000C633C7 /* constitution_article_2_section_18.html */; };
		164ED36414A2082000C633C7 /* constitution_article_2_section_19.html in Resources */ = {isa = PBXBuildFile; fileRef = 164ED2F414A2082000C633C7 /* constitution_article_2_section_19.html */; };
		164ED36514A2082000C633C7 /* constitution_article_2_section_2.html in Resources */ = {isa = PBXBuildFile; fileRef = 164ED2F514A2082000C633C7 /* constitution_article_2_section_2.html */; };
		164ED36614A2082000C633C7 /* constitution_article_2_section_20.html in Resources */ = {isa = PBXBuildFile; fileRef = 164ED2F614A2082000C633C7 /* constitution_article_2_section_20.html */; };
		164ED36714A2082000C633C7 /* constitution_article_2_section_3.html in Resources */ = {isa = PBXBuildFile; fileRef = 164ED2F714A2082000C633C7 /* constitution_article_2_section_3.html */; };
		164ED36814A2082000C633C7 /* constitution_article_2_section_4.html in Resources */ = {isa = PBXBuildFile; fileRef = 164ED2F814A2082000C633C7 /* constitution_article_2_section_4.html */; };
		164ED36914A2082000C633C7 /* constitution_article_2_section_5.html in Resources */ = {isa = PBXBuildFile; fileRef = 164ED2F914A2082000C633C7 /* constitution_article_2_section_5.html */; };
		164ED36A14A2082000C633C7 /* constitution_article_2_section_6.html in Resources */ = {isa = PBXBuildFile; fileRef = 164ED2FA14A2082000C633C7 /* constitution_article_2_section_6.html */; };
		164ED36B14A2082000C633C7 /* constitution_article_2_section_7.html in Resources */ = {isa = PBXBuildFile; fileRef = 164ED2FB14A2082000C633C7 /* constitution_article_2_section_7.html */; };
		164ED36C14A2082000C633C7 /* constitution_article_2_section_8.html in Resources */ = {isa = PBXBuildFile; fileRef = 164ED2FC14A2082000C633C7 /* constitution_article_2_section_8.html */; };
		164ED36D14A2082000C633C7 /* constitution_article_2_section_9.html in Resources */ = {isa = PBXBuildFile; fileRef = 164ED2FD14A2082000C633C7 /* constitution_article_2_section_9.html */; };
		164ED36E14A2082000C633C7 /* constitution_article_3_section_1.html in Resources */ = {isa = PBXBuildFile; fileRef = 164ED2FF14A2082000C633C7 /* constitution_article_3_section_1.html */; };
		164ED36F14A2082000C633C7 /* constitution_article_3_section_10.html in Resources */ = {isa = PBXBuildFile; fileRef = 164ED30014A2082000C633C7 /* constitution_article_3_section_10.html */; };
		164ED37014A2082000C633C7 /* constitution_article_3_section_11.html in Resources */ = {isa = PBXBuildFile; fileRef = 164ED30114A2082000C633C7 /* constitution_article_3_section_11.html */; };
		164ED37114A2082000C633C7 /* constitution_article_3_section_12.html in Resources */ = {isa = PBXBuildFile; fileRef = 164ED30214A2082000C633C7 /* constitution_article_3_section_12.html */; };
		164ED37214A2082000C633C7 /* constitution_article_3_section_13.html in Resources */ = {isa = PBXBuildFile; fileRef = 164ED30314A2082000C633C7 /* constitution_article_3_section_13.html */; };
		164ED37314A2082000C633C7 /* constitution_article_3_section_14.html in Resources */ = {isa = PBXBuildFile; fileRef = 164ED30414A2082000C633C7 /* constitution_article_3_section_14.html */; };
		164ED37414A2082000C633C7 /* constitution_article_3_section_15.html in Resources */ = {isa = PBXBuildFile; fileRef = 164ED30514A2082000C633C7 /* constitution_article_3_section_15.html */; };
		164ED37514A2082000C633C7 /* constitution_article_3_section_16.html in Resources */ = {isa = PBXBuildFile; fileRef = 164ED30614A2082000C633C7 /* constitution_article_3_section_16.html */; };
		164ED37614A2082000C633C7 /* constitution_article_3_section_17.html in Resources */ = {isa = PBXBuildFile; fileRef = 164ED30714A2082000C633C7 /* constitution_article_3_section_17.html */; };
		164ED37714A2082000C633C7 /* constitution_article_3_section_18.html in Resources */ = {isa = PBXBuildFile; fileRef = 164ED30814A2082000C633C7 /* constitution_article_3_section_18.html */; };
		164ED37814A2082000C633C7 /* constitution_article_3_section_19.html in Resources */ = {isa = PBXBuildFile; fileRef = 164ED30914A2082000C633C7 /* constitution_article_3_section_19.html */; };
		164ED37914A2082000C633C7 /* constitution_article_3_section_2.html in Resources */ = {isa = PBXBuildFile; fileRef = 164ED30A14A2082000C633C7 /* constitution_article_3_section_2.html */; };
		164ED37A14A2082000C633C7 /* constitution_article_3_section_20.html in Resources */ = {isa = PBXBuildFile; fileRef = 164ED30B14A2082000C633C7 /* constitution_article_3_section_20.html */; };
		164ED37B14A2082000C633C7 /* constitution_article_3_section_21.html in Resources */ = {isa = PBXBuildFile; fileRef = 164ED30C14A2082000C633C7 /* constitution_article_3_section_21.html */; };
		164ED37C14A2082000C633C7 /* constitution_article_3_section_22.html in Resources */ = {isa = PBXBuildFile; fileRef = 164ED30D14A2082000C633C7 /* constitution_article_3_section_22.html */; };
		164ED37D14A2082000C633C7 /* constitution_article_3_section_3.html in Resources */ = {isa = PBXBuildFile; fileRef = 164ED30E14A2082000C633C7 /* constitution_article_3_section_3.html */; };
		164ED37E14A2082000C633C7 /* constitution_article_3_section_4.html in Resources */ = {isa = PBXBuildFile; fileRef = 164ED30F14A2082000C633C7 /* constitution_article_3_section_4.html */; };
		164ED37F14A2082000C633C7 /* constitution_article_3_section_5.html in Resources */ = {isa = PBXBuildFile; fileRef = 164ED31014A2082000C633C7 /* constitution_article_3_section_5.html */; };
		164ED38014A2082000C633C7 /* constitution_article_3_section_6.html in Resources */ = {isa = PBXBuildFile; fileRef = 164ED31114A2082000C633C7 /* constitution_article_3_section_6.html */; };
		164ED38114A2082000C633C7 /* constitution_article_3_section_7.html in Resources */ = {isa = PBXBuildFile; fileRef = 164ED31214A2082000C633C7 /* constitution_article_3_section_7.html */; };
		164ED38214A2082000C633C7 /* constitution_article_3_section_8.html in Resources */ = {isa = PBXBuildFile; fileRef = 164ED31314A2082000C633C7 /* constitution_article_3_section_8.html */; };
		164ED38314A2082000C633C7 /* constitution_article_3_section_9.html in Resources */ = {isa = PBXBuildFile; fileRef = 164ED31414A2082000C633C7 /* constitution_article_3_section_9.html */; };
		164ED38414A2082000C633C7 /* constitution_article_4_section_1.html in Resources */ = {isa = PBXBuildFile; fileRef = 164ED31614A2082000C633C7 /* constitution_article_4_section_1.html */; };
		164ED38514A2082000C633C7 /* constitution_article_4_section_10.html in Resources */ = {isa = PBXBuildFile; fileRef = 164ED31714A2082000C633C7 /* constitution_article_4_section_10.html */; };
		164ED38614A2082000C633C7 /* constitution_article_4_section_2.html in Resources */ = {isa = PBXBuildFile; fileRef = 164ED31814A2082000C633C7 /* constitution_article_4_section_2.html */; };
		164ED38714A2082000C633C7 /* constitution_article_4_section_3.html in Resources */ = {isa = PBXBuildFile; fileRef = 164ED31914A2082000C633C7 /* constitution_article_4_section_3.html */; };
		164ED38814A2082000C633C7 /* constitution_article_4_section_4.html in Resources */ = {isa = PBXBuildFile; fileRef = 164ED31A14A2082000C633C7 /* constitution_article_4_section_4.html */; };
		164ED38914A2082000C633C7 /* constitution_article_4_section_5.html in Resources */ = {isa = PBXBuildFile; fileRef = 164ED31B14A2082000C633C7 /* constitution_article_4_section_5.html */; };
		164ED38A14A2082000C633C7 /* constitution_article_4_section_6.html in Resources */ = {isa = PBXBuildFile; fileRef = 164ED31C14A2082000C633C7 /* constitution_article_4_section_6.html */; };
		164ED38B14A2082000C633C7 /* constitution_article_4_section_7.html in Resources */ = {isa = PBXBuildFile; fileRef = 164ED31D14A2082000C633C7 /* constitution_article_4_section_7.html */; };
		164ED38C14A2082000C633C7 /* constitution_article_4_section_8.html in Resources */ = {isa = PBXBuildFile; fileRef = 164ED31E14A2082000C633C7 /* constitution_article_4_section_8.html */; };
		164ED38D14A2082000C633C7 /* constitution_article_4_section_9.html in Resources */ = {isa = PBXBuildFile; fileRef = 164ED31F14A2082000C633C7 /* constitution_article_4_section_9.html */; };
		164ED38E14A2082000C633C7 /* constitution_article_5_section_1.html in Resources */ = {isa = PBXBuildFile; fileRef = 164ED32114A2082000C633C7 /* constitution_article_5_section_1.html */; };
		164ED38F14A2082000C633C7 /* constitution_article_5_section_10.html in Resources */ = {isa = PBXBuildFile; fileRef = 164ED32214A2082000C633C7 /* constitution_article_5_section_10.html */; };
		164ED39014A2082000C633C7 /* constitution_article_5_section_11.html in Resources */ = {isa = PBXBuildFile; fileRef = 164ED32314A2082000C633C7 /* constitution_article_5_section_11.html */; };
		164ED39114A2082000C633C7 /* constitution_article_5_section_12.html in Resources */ = {isa = PBXBuildFile; fileRef = 164ED32414A2082000C633C7 /* constitution_article_5_section_12.html */; };
		164ED39214A2082000C633C7 /* constitution_article_5_section_13.html in Resources */ = {isa = PBXBuildFile; fileRef = 164ED32514A2082000C633C7 /* constitution_article_5_section_13.html */; };
		164ED39314A2082000C633C7 /* constitution_article_5_section_2.html in Resources */ = {isa = PBXBuildFile; fileRef = 164ED32614A2082000C633C7 /* constitution_article_5_section_2.html */; };
		164ED39414A2082000C633C7 /* constitution_article_5_section_3.html in Resources */ = {isa = PBXBuildFile; fileRef = 164ED32714A2082000C633C7 /* constitution_article_5_section_3.html */; };
		164ED39514A2082000C633C7 /* constitution_article_5_section_4.html in Resources */ = {isa = PBXBuildFile; fileRef = 164ED32814A2082000C633C7 /* constitution_article_5_section_4.html */; };
		164ED39614A2082000C633C7 /* constitution_article_5_section_5.html in Resources */ = {isa = PBXBuildFile; fileRef = 164ED32914A2082000C633C7 /* constitution_article_5_section_5.html */; };
		164ED39714A2082000C633C7 /* constitution_article_5_section_6.html in Resources */ = {isa = PBXBuildFile; fileRef = 164ED32A14A2082000C633C7 /* constitution_article_5_section_6.html */; };
		164ED39814A2082000C633C7 /* constitution_article_5_section_7.html in Resources */ = {isa = PBXBuildFile; fileRef = 164ED32B14A2082000C633C7 /* constitution_article_5_section_7.html */; };
		164ED39914A2082000C633C7 /* constitution_article_5_section_8.html in Resources */ = {isa = PBXBuildFile; fileRef = 164ED32C14A2082000C633C7 /* constitution_article_5_section_8.html */; };
		164ED39A14A2082000C633C7 /* constitution_article_5_section_9.html in Resources */ = {isa = PBXBuildFile; fileRef = 164ED32D14A2082000C633C7 /* constitution_article_5_section_9.html */; };
		164ED39B14A2082000C633C7 /* constitution_article_6_section_1.html in Resources */ = {isa = PBXBuildFile; fileRef = 164ED32F14A2082000C633C7 /* constitution_article_6_section_1.html */; };
		164ED39C14A2082000C633C7 /* constitution_article_6_section_10.html in Resources */ = {isa = PBXBuildFile; fileRef = 164ED33014A2082000C633C7 /* constitution_article_6_section_10.html */; };
		164ED39D14A2082000C633C7 /* constitution_article_6_section_11.html in Resources */ = {isa = PBXBuildFile; fileRef = 164ED33114A2082000C633C7 /* constitution_article_6_section_11.html */; };
		164ED39E14A2082000C633C7 /* constitution_article_6_section_12.html in Resources */ = {isa = PBXBuildFile; fileRef = 164ED33214A2082000C633C7 /* constitution_article_6_section_12.html */; };
		164ED39F14A2082000C633C7 /* constitution_article_6_section_13.html in Resources */ = {isa = PBXBuildFile; fileRef = 164ED33314A2082000C633C7 /* constitution_article_6_section_13.html */; };
		164ED3A014A2082000C633C7 /* constitution_article_6_section_14.html in Resources */ = {isa = PBXBuildFile; fileRef = 164ED33414A2082000C633C7 /* constitution_article_6_section_14.html */; };
		164ED3A114A2082000C633C7 /* constitution_article_6_section_15.html in Resources */ = {isa = PBXBuildFile; fileRef = 164ED33514A2082000C633C7 /* constitution_article_6_section_15.html */; };
		164ED3A214A2082000C633C7 /* constitution_article_6_section_16.html in Resources */ = {isa = PBXBuildFile; fileRef = 164ED33614A2082000C633C7 /* constitution_article_6_section_16.html */; };
		164ED3A314A2082000C633C7 /* constitution_article_6_section_17.html in Resources */ = {isa = PBXBuildFile; fileRef = 164ED33714A2082000C633C7 /* constitution_article_6_section_17.html */; };
		164ED3A414A2082000C633C7 /* constitution_article_6_section_18.html in Resources */ = {isa = PBXBuildFile; fileRef = 164ED33814A2082000C633C7 /* constitution_article_6_section_18.html */; };
		164ED3A514A2082000C633C7 /* constitution_article_6_section_19.html in Resources */ = {isa = PBXBuildFile; fileRef = 164ED33914A2082000C633C7 /* constitution_article_6_section_19.html */; };
		164ED3A614A2082000C633C7 /* constitution_article_6_section_2.html in Resources */ = {isa = PBXBuildFile; fileRef = 164ED33A14A2082000C633C7 /* constitution_article_6_section_2.html */; };
		164ED3A714A2082000C633C7 /* constitution_article_6_section_3.html in Resources */ = {isa = PBXBuildFile; fileRef = 164ED33B14A2082000C633C7 /* constitution_article_6_section_3.html */; };
		164ED3A814A2082000C633C7 /* constitution_article_6_section_4.html in Resources */ = {isa = PBXBuildFile; fileRef = 164ED33C14A2082000C633C7 /* constitution_article_6_section_4.html */; };
		164ED3A914A2082000C633C7 /* constitution_article_6_section_5.html in Resources */ = {isa = PBXBuildFile; fileRef = 164ED33D14A2082000C633C7 /* constitution_article_6_section_5.html */; };
		164ED3AA14A2082000C633C7 /* constitution_article_6_section_6.html in Resources */ = {isa = PBXBuildFile; fileRef = 164ED33E14A2082000C633C7 /* constitution_article_6_section_6.html */; };
		164ED3AB14A2082000C633C7 /* constitution_article_6_section_7.html in Resources */ = {isa = PBXBuildFile; fileRef = 164ED33F14A2082000C633C7 /* constitution_article_6_section_7.html */; };
		164ED3AC14A2082000C633C7 /* constitution_article_6_section_8.html in Resources */ = {isa = PBXBuildFile; fileRef = 164ED34014A2082000C633C7 /* constitution_article_6_section_8.html */; };
		164ED3AD14A2082000C633C7 /* constitution_article_6_section_9.html in Resources */ = {isa = PBXBuildFile; fileRef = 164ED34114A2082000C633C7 /* constitution_article_6_section_9.html */; };
		164ED3AE14A2082000C633C7 /* constitution_article_7_section_1.html in Resources */ = {isa = PBXBuildFile; fileRef = 164ED34314A2082000C633C7 /* constitution_article_7_section_1.html */; };
		164ED3AF14A2082000C633C7 /* constitution_article_7_section_2.html in Resources */ = {isa = PBXBuildFile; fileRef = 164ED34414A2082000C633C7 /* constitution_article_7_section_2.html */; };
		164ED3B014A2082000C633C7 /* constitution_article_7_section_3.html in Resources */ = {isa = PBXBuildFile; fileRef = 164ED34514A2082000C633C7 /* constitution_article_7_section_3.html */; };
		164ED3B114A2082000C633C7 /* constitution_article_8_section_1.html in Resources */ = {isa = PBXBuildFile; fileRef = 164ED34714A2082000C633C7 /* constitution_article_8_section_1.html */; };
		164ED3B214A2082000C633C7 /* constitution_article_8_section_2.html in Resources */ = {isa = PBXBuildFile; fileRef = 164ED34814A2082000C633C7 /* constitution_article_8_section_2.html */; };
		164ED3B314A2082000C633C7 /* constitution_article_9_section_1.html in Resources */ = {isa = PBXBuildFile; fileRef = 164ED34A14A2082000C633C7 /* constitution_article_9_section_1.html */; };
		164ED3B414A2082000C633C7 /* constitution_article_9_section_10.html in Resources */ = {isa = PBXBuildFile; fileRef = 164ED34B14A2082000C633C7 /* constitution_article_9_section_10.html */; };
		164ED3B514A2082000C633C7 /* constitution_article_9_section_2.html in Resources */ = {isa = PBXBuildFile; fileRef = 164ED34C14A2082000C633C7 /* constitution_article_9_section_2.html */; };
		164ED3B614A2082000C633C7 /* constitution_article_9_section_3.html in Resources */ = {isa = PBXBuildFile; fileRef = 164ED34D14A2082000C633C7 /* constitution_article_9_section_3.html */; };
		164ED3B714A2082000C633C7 /* constitution_article_9_section_4.html in Resources */ = {isa = PBXBuildFile; fileRef = 164ED34E14A2082000C633C7 /* constitution_article_9_section_4.html */; };
		164ED3B814A2082000C633C7 /* constitution_article_9_section_5.html in Resources */ = {isa = PBXBuildFile; fileRef = 164ED34F14A2082000C633C7 /* constitution_article_9_section_5.html */; };
		164ED3B914A2082000C633C7 /* constitution_article_9_section_6.html in Resources */ = {isa = PBXBuildFile; fileRef = 164ED35014A2082000C633C7 /* constitution_article_9_section_6.html */; };
		164ED3BA14A2082000C633C7 /* constitution_article_9_section_7.html in Resources */ = {isa = PBXBuildFile; fileRef = 164ED35114A2082000C633C7 /* constitution_article_9_section_7.html */; };
		164ED3BB14A2082000C633C7 /* constitution_article_9_section_8.html in Resources */ = {isa = PBXBuildFile; fileRef = 164ED35214A2082000C633C7 /* constitution_article_9_section_8.html */; };
		164ED3BC14A2082000C633C7 /* constitution_article_9_section_9.html in Resources */ = {isa = PBXBuildFile; fileRef = 164ED35314A2082000C633C7 /* constitution_article_9_section_9.html */; };
		164ED3BD14A2082000C633C7 /* constitution_preamble_index.html in Resources */ = {isa = PBXBuildFile; fileRef = 164ED35514A2082000C633C7 /* constitution_preamble_index.html */; };
		167EF1D714A23DAA0058F8D1 /* BookViewController.m in Sources */ = {isa = PBXBuildFile; fileRef = 167EF1D614A23DAA0058F8D1 /* BookViewController.m */; };
		167EF1DA14A23F790058F8D1 /* BookViewController.xib in Resources */ = {isa = PBXBuildFile; fileRef = 167EF1D914A23F790058F8D1 /* BookViewController.xib */; };
		167EF24314A24D250058F8D1 /* SectionListViewController.m in Sources */ = {isa = PBXBuildFile; fileRef = 167EF24114A24D250058F8D1 /* SectionListViewController.m */; };
		167EF24414A24D250058F8D1 /* SectionListViewController.xib in Resources */ = {isa = PBXBuildFile; fileRef = 167EF24214A24D250058F8D1 /* SectionListViewController.xib */; };
		167EF24814A251320058F8D1 /* SectionContentViewController.m in Sources */ = {isa = PBXBuildFile; fileRef = 167EF24614A251320058F8D1 /* SectionContentViewController.m */; };
		167EF24914A251320058F8D1 /* SectionContentViewController.xib in Resources */ = {isa = PBXBuildFile; fileRef = 167EF24714A251320058F8D1 /* SectionContentViewController.xib */; };
		16DD4CA414A10D200063163D /* UIKit.framework in Frameworks */ = {isa = PBXBuildFile; fileRef = 16DD4CA314A10D200063163D /* UIKit.framework */; };
		16DD4CA614A10D200063163D /* Foundation.framework in Frameworks */ = {isa = PBXBuildFile; fileRef = 16DD4CA514A10D200063163D /* Foundation.framework */; };
		16DD4CA814A10D200063163D /* CoreGraphics.framework in Frameworks */ = {isa = PBXBuildFile; fileRef = 16DD4CA714A10D200063163D /* CoreGraphics.framework */; };
		16DD4CAE14A10D200063163D /* InfoPlist.strings in Resources */ = {isa = PBXBuildFile; fileRef = 16DD4CAC14A10D200063163D /* InfoPlist.strings */; };
		16DD4CB014A10D200063163D /* main.m in Sources */ = {isa = PBXBuildFile; fileRef = 16DD4CAF14A10D200063163D /* main.m */; };
		16DD4CB414A10D200063163D /* AppDelegate.m in Sources */ = {isa = PBXBuildFile; fileRef = 16DD4CB314A10D200063163D /* AppDelegate.m */; };
		16DD4D9814A10E190063163D /* PuertoRicoLawBooks.plist in Resources */ = {isa = PBXBuildFile; fileRef = 16DD4D9714A10E190063163D /* PuertoRicoLawBooks.plist */; };
		16DD4DA914A1568B0063163D /* Book.m in Sources */ = {isa = PBXBuildFile; fileRef = 16DD4DA814A1568B0063163D /* Book.m */; };
		16DD4DAC14A1569F0063163D /* Section.m in Sources */ = {isa = PBXBuildFile; fileRef = 16DD4DAB14A1569F0063163D /* Section.m */; };
		16DD4DB114A16D1E0063163D /* BookData.m in Sources */ = {isa = PBXBuildFile; fileRef = 16DD4DB014A16D1E0063163D /* BookData.m */; };
/* End PBXBuildFile section */

/* Begin PBXFileReference section */
		1620F7FF14A196910070E512 /* FileHelpers.h */ = {isa = PBXFileReference; fileEncoding = 4; lastKnownFileType = sourcecode.c.h; path = FileHelpers.h; sourceTree = "<group>"; };
		1620F80014A196910070E512 /* FileHelpers.m */ = {isa = PBXFileReference; fileEncoding = 4; lastKnownFileType = sourcecode.c.objc; path = FileHelpers.m; sourceTree = "<group>"; };
		164ED27914A201D700C633C7 /* Constitution.plist */ = {isa = PBXFileReference; fileEncoding = 4; lastKnownFileType = text.plist.xml; path = Constitution.plist; sourceTree = "<group>"; };
		164ED2E514A2082000C633C7 /* constitution_article_1_section_1.html */ = {isa = PBXFileReference; fileEncoding = 4; lastKnownFileType = text.html; path = constitution_article_1_section_1.html; sourceTree = "<group>"; };
		164ED2E614A2082000C633C7 /* constitution_article_1_section_2.html */ = {isa = PBXFileReference; fileEncoding = 4; lastKnownFileType = text.html; path = constitution_article_1_section_2.html; sourceTree = "<group>"; };
		164ED2E714A2082000C633C7 /* constitution_article_1_section_3.html */ = {isa = PBXFileReference; fileEncoding = 4; lastKnownFileType = text.html; path = constitution_article_1_section_3.html; sourceTree = "<group>"; };
		164ED2E814A2082000C633C7 /* constitution_article_1_section_4.html */ = {isa = PBXFileReference; fileEncoding = 4; lastKnownFileType = text.html; path = constitution_article_1_section_4.html; sourceTree = "<group>"; };
		164ED2EA14A2082000C633C7 /* constitution_article_2_section_1.html */ = {isa = PBXFileReference; fileEncoding = 4; lastKnownFileType = text.html; path = constitution_article_2_section_1.html; sourceTree = "<group>"; };
		164ED2EB14A2082000C633C7 /* constitution_article_2_section_10.html */ = {isa = PBXFileReference; fileEncoding = 4; lastKnownFileType = text.html; path = constitution_article_2_section_10.html; sourceTree = "<group>"; };
		164ED2EC14A2082000C633C7 /* constitution_article_2_section_11.html */ = {isa = PBXFileReference; fileEncoding = 4; lastKnownFileType = text.html; path = constitution_article_2_section_11.html; sourceTree = "<group>"; };
		164ED2ED14A2082000C633C7 /* constitution_article_2_section_12.html */ = {isa = PBXFileReference; fileEncoding = 4; lastKnownFileType = text.html; path = constitution_article_2_section_12.html; sourceTree = "<group>"; };
		164ED2EE14A2082000C633C7 /* constitution_article_2_section_13.html */ = {isa = PBXFileReference; fileEncoding = 4; lastKnownFileType = text.html; path = constitution_article_2_section_13.html; sourceTree = "<group>"; };
		164ED2EF14A2082000C633C7 /* constitution_article_2_section_14.html */ = {isa = PBXFileReference; fileEncoding = 4; lastKnownFileType = text.html; path = constitution_article_2_section_14.html; sourceTree = "<group>"; };
		164ED2F014A2082000C633C7 /* constitution_article_2_section_15.html */ = {isa = PBXFileReference; fileEncoding = 4; lastKnownFileType = text.html; path = constitution_article_2_section_15.html; sourceTree = "<group>"; };
		164ED2F114A2082000C633C7 /* constitution_article_2_section_16.html */ = {isa = PBXFileReference; fileEncoding = 4; lastKnownFileType = text.html; path = constitution_article_2_section_16.html; sourceTree = "<group>"; };
		164ED2F214A2082000C633C7 /* constitution_article_2_section_17.html */ = {isa = PBXFileReference; fileEncoding = 4; lastKnownFileType = text.html; path = constitution_article_2_section_17.html; sourceTree = "<group>"; };
		164ED2F314A2082000C633C7 /* constitution_article_2_section_18.html */ = {isa = PBXFileReference; fileEncoding = 4; lastKnownFileType = text.html; path = constitution_article_2_section_18.html; sourceTree = "<group>"; };
		164ED2F414A2082000C633C7 /* constitution_article_2_section_19.html */ = {isa = PBXFileReference; fileEncoding = 4; lastKnownFileType = text.html; path = constitution_article_2_section_19.html; sourceTree = "<group>"; };
		164ED2F514A2082000C633C7 /* constitution_article_2_section_2.html */ = {isa = PBXFileReference; fileEncoding = 4; lastKnownFileType = text.html; path = constitution_article_2_section_2.html; sourceTree = "<group>"; };
		164ED2F614A2082000C633C7 /* constitution_article_2_section_20.html */ = {isa = PBXFileReference; fileEncoding = 4; lastKnownFileType = text.html; path = constitution_article_2_section_20.html; sourceTree = "<group>"; };
		164ED2F714A2082000C633C7 /* constitution_article_2_section_3.html */ = {isa = PBXFileReference; fileEncoding = 4; lastKnownFileType = text.html; path = constitution_article_2_section_3.html; sourceTree = "<group>"; };
		164ED2F814A2082000C633C7 /* constitution_article_2_section_4.html */ = {isa = PBXFileReference; fileEncoding = 4; lastKnownFileType = text.html; path = constitution_article_2_section_4.html; sourceTree = "<group>"; };
		164ED2F914A2082000C633C7 /* constitution_article_2_section_5.html */ = {isa = PBXFileReference; fileEncoding = 4; lastKnownFileType = text.html; path = constitution_article_2_section_5.html; sourceTree = "<group>"; };
		164ED2FA14A2082000C633C7 /* constitution_article_2_section_6.html */ = {isa = PBXFileReference; fileEncoding = 4; lastKnownFileType = text.html; path = constitution_article_2_section_6.html; sourceTree = "<group>"; };
		164ED2FB14A2082000C633C7 /* constitution_article_2_section_7.html */ = {isa = PBXFileReference; fileEncoding = 4; lastKnownFileType = text.html; path = constitution_article_2_section_7.html; sourceTree = "<group>"; };
		164ED2FC14A2082000C633C7 /* constitution_article_2_section_8.html */ = {isa = PBXFileReference; fileEncoding = 4; lastKnownFileType = text.html; path = constitution_article_2_section_8.html; sourceTree = "<group>"; };
		164ED2FD14A2082000C633C7 /* constitution_article_2_section_9.html */ = {isa = PBXFileReference; fileEncoding = 4; lastKnownFileType = text.html; path = constitution_article_2_section_9.html; sourceTree = "<group>"; };
		164ED2FF14A2082000C633C7 /* constitution_article_3_section_1.html */ = {isa = PBXFileReference; fileEncoding = 4; lastKnownFileType = text.html; path = constitution_article_3_section_1.html; sourceTree = "<group>"; };
		164ED30014A2082000C633C7 /* constitution_article_3_section_10.html */ = {isa = PBXFileReference; fileEncoding = 4; lastKnownFileType = text.html; path = constitution_article_3_section_10.html; sourceTree = "<group>"; };
		164ED30114A2082000C633C7 /* constitution_article_3_section_11.html */ = {isa = PBXFileReference; fileEncoding = 4; lastKnownFileType = text.html; path = constitution_article_3_section_11.html; sourceTree = "<group>"; };
		164ED30214A2082000C633C7 /* constitution_article_3_section_12.html */ = {isa = PBXFileReference; fileEncoding = 4; lastKnownFileType = text.html; path = constitution_article_3_section_12.html; sourceTree = "<group>"; };
		164ED30314A2082000C633C7 /* constitution_article_3_section_13.html */ = {isa = PBXFileReference; fileEncoding = 4; lastKnownFileType = text.html; path = constitution_article_3_section_13.html; sourceTree = "<group>"; };
		164ED30414A2082000C633C7 /* constitution_article_3_section_14.html */ = {isa = PBXFileReference; fileEncoding = 4; lastKnownFileType = text.html; path = constitution_article_3_section_14.html; sourceTree = "<group>"; };
		164ED30514A2082000C633C7 /* constitution_article_3_section_15.html */ = {isa = PBXFileReference; fileEncoding = 4; lastKnownFileType = text.html; path = constitution_article_3_section_15.html; sourceTree = "<group>"; };
		164ED30614A2082000C633C7 /* constitution_article_3_section_16.html */ = {isa = PBXFileReference; fileEncoding = 4; lastKnownFileType = text.html; path = constitution_article_3_section_16.html; sourceTree = "<group>"; };
		164ED30714A2082000C633C7 /* constitution_article_3_section_17.html */ = {isa = PBXFileReference; fileEncoding = 4; lastKnownFileType = text.html; path = constitution_article_3_section_17.html; sourceTree = "<group>"; };
		164ED30814A2082000C633C7 /* constitution_article_3_section_18.html */ = {isa = PBXFileReference; fileEncoding = 4; lastKnownFileType = text.html; path = constitution_article_3_section_18.html; sourceTree = "<group>"; };
		164ED30914A2082000C633C7 /* constitution_article_3_section_19.html */ = {isa = PBXFileReference; fileEncoding = 4; lastKnownFileType = text.html; path = constitution_article_3_section_19.html; sourceTree = "<group>"; };
		164ED30A14A2082000C633C7 /* constitution_article_3_section_2.html */ = {isa = PBXFileReference; fileEncoding = 4; lastKnownFileType = text.html; path = constitution_article_3_section_2.html; sourceTree = "<group>"; };
		164ED30B14A2082000C633C7 /* constitution_article_3_section_20.html */ = {isa = PBXFileReference; fileEncoding = 4; lastKnownFileType = text.html; path = constitution_article_3_section_20.html; sourceTree = "<group>"; };
		164ED30C14A2082000C633C7 /* constitution_article_3_section_21.html */ = {isa = PBXFileReference; fileEncoding = 4; lastKnownFileType = text.html; path = constitution_article_3_section_21.html; sourceTree = "<group>"; };
		164ED30D14A2082000C633C7 /* constitution_article_3_section_22.html */ = {isa = PBXFileReference; fileEncoding = 4; lastKnownFileType = text.html; path = constitution_article_3_section_22.html; sourceTree = "<group>"; };
		164ED30E14A2082000C633C7 /* constitution_article_3_section_3.html */ = {isa = PBXFileReference; fileEncoding = 4; lastKnownFileType = text.html; path = constitution_article_3_section_3.html; sourceTree = "<group>"; };
		164ED30F14A2082000C633C7 /* constitution_article_3_section_4.html */ = {isa = PBXFileReference; fileEncoding = 4; lastKnownFileType = text.html; path = constitution_article_3_section_4.html; sourceTree = "<group>"; };
		164ED31014A2082000C633C7 /* constitution_article_3_section_5.html */ = {isa = PBXFileReference; fileEncoding = 4; lastKnownFileType = text.html; path = constitution_article_3_section_5.html; sourceTree = "<group>"; };
		164ED31114A2082000C633C7 /* constitution_article_3_section_6.html */ = {isa = PBXFileReference; fileEncoding = 4; lastKnownFileType = text.html; path = constitution_article_3_section_6.html; sourceTree = "<group>"; };
		164ED31214A2082000C633C7 /* constitution_article_3_section_7.html */ = {isa = PBXFileReference; fileEncoding = 4; lastKnownFileType = text.html; path = constitution_article_3_section_7.html; sourceTree = "<group>"; };
		164ED31314A2082000C633C7 /* constitution_article_3_section_8.html */ = {isa = PBXFileReference; fileEncoding = 4; lastKnownFileType = text.html; path = constitution_article_3_section_8.html; sourceTree = "<group>"; };
		164ED31414A2082000C633C7 /* constitution_article_3_section_9.html */ = {isa = PBXFileReference; fileEncoding = 4; lastKnownFileType = text.html; path = constitution_article_3_section_9.html; sourceTree = "<group>"; };
		164ED31614A2082000C633C7 /* constitution_article_4_section_1.html */ = {isa = PBXFileReference; fileEncoding = 4; lastKnownFileType = text.html; path = constitution_article_4_section_1.html; sourceTree = "<group>"; };
		164ED31714A2082000C633C7 /* constitution_article_4_section_10.html */ = {isa = PBXFileReference; fileEncoding = 4; lastKnownFileType = text.html; path = constitution_article_4_section_10.html; sourceTree = "<group>"; };
		164ED31814A2082000C633C7 /* constitution_article_4_section_2.html */ = {isa = PBXFileReference; fileEncoding = 4; lastKnownFileType = text.html; path = constitution_article_4_section_2.html; sourceTree = "<group>"; };
		164ED31914A2082000C633C7 /* constitution_article_4_section_3.html */ = {isa = PBXFileReference; fileEncoding = 4; lastKnownFileType = text.html; path = constitution_article_4_section_3.html; sourceTree = "<group>"; };
		164ED31A14A2082000C633C7 /* constitution_article_4_section_4.html */ = {isa = PBXFileReference; fileEncoding = 4; lastKnownFileType = text.html; path = constitution_article_4_section_4.html; sourceTree = "<group>"; };
		164ED31B14A2082000C633C7 /* constitution_article_4_section_5.html */ = {isa = PBXFileReference; fileEncoding = 4; lastKnownFileType = text.html; path = constitution_article_4_section_5.html; sourceTree = "<group>"; };
		164ED31C14A2082000C633C7 /* constitution_article_4_section_6.html */ = {isa = PBXFileReference; fileEncoding = 4; lastKnownFileType = text.html; path = constitution_article_4_section_6.html; sourceTree = "<group>"; };
		164ED31D14A2082000C633C7 /* constitution_article_4_section_7.html */ = {isa = PBXFileReference; fileEncoding = 4; lastKnownFileType = text.html; path = constitution_article_4_section_7.html; sourceTree = "<group>"; };
		164ED31E14A2082000C633C7 /* constitution_article_4_section_8.html */ = {isa = PBXFileReference; fileEncoding = 4; lastKnownFileType = text.html; path = constitution_article_4_section_8.html; sourceTree = "<group>"; };
		164ED31F14A2082000C633C7 /* constitution_article_4_section_9.html */ = {isa = PBXFileReference; fileEncoding = 4; lastKnownFileType = text.html; path = constitution_article_4_section_9.html; sourceTree = "<group>"; };
		164ED32114A2082000C633C7 /* constitution_article_5_section_1.html */ = {isa = PBXFileReference; fileEncoding = 4; lastKnownFileType = text.html; path = constitution_article_5_section_1.html; sourceTree = "<group>"; };
		164ED32214A2082000C633C7 /* constitution_article_5_section_10.html */ = {isa = PBXFileReference; fileEncoding = 4; lastKnownFileType = text.html; path = constitution_article_5_section_10.html; sourceTree = "<group>"; };
		164ED32314A2082000C633C7 /* constitution_article_5_section_11.html */ = {isa = PBXFileReference; fileEncoding = 4; lastKnownFileType = text.html; path = constitution_article_5_section_11.html; sourceTree = "<group>"; };
		164ED32414A2082000C633C7 /* constitution_article_5_section_12.html */ = {isa = PBXFileReference; fileEncoding = 4; lastKnownFileType = text.html; path = constitution_article_5_section_12.html; sourceTree = "<group>"; };
		164ED32514A2082000C633C7 /* constitution_article_5_section_13.html */ = {isa = PBXFileReference; fileEncoding = 4; lastKnownFileType = text.html; path = constitution_article_5_section_13.html; sourceTree = "<group>"; };
		164ED32614A2082000C633C7 /* constitution_article_5_section_2.html */ = {isa = PBXFileReference; fileEncoding = 4; lastKnownFileType = text.html; path = constitution_article_5_section_2.html; sourceTree = "<group>"; };
		164ED32714A2082000C633C7 /* constitution_article_5_section_3.html */ = {isa = PBXFileReference; fileEncoding = 4; lastKnownFileType = text.html; path = constitution_article_5_section_3.html; sourceTree = "<group>"; };
		164ED32814A2082000C633C7 /* constitution_article_5_section_4.html */ = {isa = PBXFileReference; fileEncoding = 4; lastKnownFileType = text.html; path = constitution_article_5_section_4.html; sourceTree = "<group>"; };
		164ED32914A2082000C633C7 /* constitution_article_5_section_5.html */ = {isa = PBXFileReference; fileEncoding = 4; lastKnownFileType = text.html; path = constitution_article_5_section_5.html; sourceTree = "<group>"; };
		164ED32A14A2082000C633C7 /* constitution_article_5_section_6.html */ = {isa = PBXFileReference; fileEncoding = 4; lastKnownFileType = text.html; path = constitution_article_5_section_6.html; sourceTree = "<group>"; };
		164ED32B14A2082000C633C7 /* constitution_article_5_section_7.html */ = {isa = PBXFileReference; fileEncoding = 4; lastKnownFileType = text.html; path = constitution_article_5_section_7.html; sourceTree = "<group>"; };
		164ED32C14A2082000C633C7 /* constitution_article_5_section_8.html */ = {isa = PBXFileReference; fileEncoding = 4; lastKnownFileType = text.html; path = constitution_article_5_section_8.html; sourceTree = "<group>"; };
		164ED32D14A2082000C633C7 /* constitution_article_5_section_9.html */ = {isa = PBXFileReference; fileEncoding = 4; lastKnownFileType = text.html; path = constitution_article_5_section_9.html; sourceTree = "<group>"; };
		164ED32F14A2082000C633C7 /* constitution_article_6_section_1.html */ = {isa = PBXFileReference; fileEncoding = 4; lastKnownFileType = text.html; path = constitution_article_6_section_1.html; sourceTree = "<group>"; };
		164ED33014A2082000C633C7 /* constitution_article_6_section_10.html */ = {isa = PBXFileReference; fileEncoding = 4; lastKnownFileType = text.html; path = constitution_article_6_section_10.html; sourceTree = "<group>"; };
		164ED33114A2082000C633C7 /* constitution_article_6_section_11.html */ = {isa = PBXFileReference; fileEncoding = 4; lastKnownFileType = text.html; path = constitution_article_6_section_11.html; sourceTree = "<group>"; };
		164ED33214A2082000C633C7 /* constitution_article_6_section_12.html */ = {isa = PBXFileReference; fileEncoding = 4; lastKnownFileType = text.html; path = constitution_article_6_section_12.html; sourceTree = "<group>"; };
		164ED33314A2082000C633C7 /* constitution_article_6_section_13.html */ = {isa = PBXFileReference; fileEncoding = 4; lastKnownFileType = text.html; path = constitution_article_6_section_13.html; sourceTree = "<group>"; };
		164ED33414A2082000C633C7 /* constitution_article_6_section_14.html */ = {isa = PBXFileReference; fileEncoding = 4; lastKnownFileType = text.html; path = constitution_article_6_section_14.html; sourceTree = "<group>"; };
		164ED33514A2082000C633C7 /* constitution_article_6_section_15.html */ = {isa = PBXFileReference; fileEncoding = 4; lastKnownFileType = text.html; path = constitution_article_6_section_15.html; sourceTree = "<group>"; };
		164ED33614A2082000C633C7 /* constitution_article_6_section_16.html */ = {isa = PBXFileReference; fileEncoding = 4; lastKnownFileType = text.html; path = constitution_article_6_section_16.html; sourceTree = "<group>"; };
		164ED33714A2082000C633C7 /* constitution_article_6_section_17.html */ = {isa = PBXFileReference; fileEncoding = 4; lastKnownFileType = text.html; path = constitution_article_6_section_17.html; sourceTree = "<group>"; };
		164ED33814A2082000C633C7 /* constitution_article_6_section_18.html */ = {isa = PBXFileReference; fileEncoding = 4; lastKnownFileType = text.html; path = constitution_article_6_section_18.html; sourceTree = "<group>"; };
		164ED33914A2082000C633C7 /* constitution_article_6_section_19.html */ = {isa = PBXFileReference; fileEncoding = 4; lastKnownFileType = text.html; path = constitution_article_6_section_19.html; sourceTree = "<group>"; };
		164ED33A14A2082000C633C7 /* constitution_article_6_section_2.html */ = {isa = PBXFileReference; fileEncoding = 4; lastKnownFileType = text.html; path = constitution_article_6_section_2.html; sourceTree = "<group>"; };
		164ED33B14A2082000C633C7 /* constitution_article_6_section_3.html */ = {isa = PBXFileReference; fileEncoding = 4; lastKnownFileType = text.html; path = constitution_article_6_section_3.html; sourceTree = "<group>"; };
		164ED33C14A2082000C633C7 /* constitution_article_6_section_4.html */ = {isa = PBXFileReference; fileEncoding = 4; lastKnownFileType = text.html; path = constitution_article_6_section_4.html; sourceTree = "<group>"; };
		164ED33D14A2082000C633C7 /* constitution_article_6_section_5.html */ = {isa = PBXFileReference; fileEncoding = 4; lastKnownFileType = text.html; path = constitution_article_6_section_5.html; sourceTree = "<group>"; };
		164ED33E14A2082000C633C7 /* constitution_article_6_section_6.html */ = {isa = PBXFileReference; fileEncoding = 4; lastKnownFileType = text.html; path = constitution_article_6_section_6.html; sourceTree = "<group>"; };
		164ED33F14A2082000C633C7 /* constitution_article_6_section_7.html */ = {isa = PBXFileReference; fileEncoding = 4; lastKnownFileType = text.html; path = constitution_article_6_section_7.html; sourceTree = "<group>"; };
		164ED34014A2082000C633C7 /* constitution_article_6_section_8.html */ = {isa = PBXFileReference; fileEncoding = 4; lastKnownFileType = text.html; path = constitution_article_6_section_8.html; sourceTree = "<group>"; };
		164ED34114A2082000C633C7 /* constitution_article_6_section_9.html */ = {isa = PBXFileReference; fileEncoding = 4; lastKnownFileType = text.html; path = constitution_article_6_section_9.html; sourceTree = "<group>"; };
		164ED34314A2082000C633C7 /* constitution_article_7_section_1.html */ = {isa = PBXFileReference; fileEncoding = 4; lastKnownFileType = text.html; path = constitution_article_7_section_1.html; sourceTree = "<group>"; };
		164ED34414A2082000C633C7 /* constitution_article_7_section_2.html */ = {isa = PBXFileReference; fileEncoding = 4; lastKnownFileType = text.html; path = constitution_article_7_section_2.html; sourceTree = "<group>"; };
		164ED34514A2082000C633C7 /* constitution_article_7_section_3.html */ = {isa = PBXFileReference; fileEncoding = 4; lastKnownFileType = text.html; path = constitution_article_7_section_3.html; sourceTree = "<group>"; };
		164ED34714A2082000C633C7 /* constitution_article_8_section_1.html */ = {isa = PBXFileReference; fileEncoding = 4; lastKnownFileType = text.html; path = constitution_article_8_section_1.html; sourceTree = "<group>"; };
		164ED34814A2082000C633C7 /* constitution_article_8_section_2.html */ = {isa = PBXFileReference; fileEncoding = 4; lastKnownFileType = text.html; path = constitution_article_8_section_2.html; sourceTree = "<group>"; };
		164ED34A14A2082000C633C7 /* constitution_article_9_section_1.html */ = {isa = PBXFileReference; fileEncoding = 4; lastKnownFileType = text.html; path = constitution_article_9_section_1.html; sourceTree = "<group>"; };
		164ED34B14A2082000C633C7 /* constitution_article_9_section_10.html */ = {isa = PBXFileReference; fileEncoding = 4; lastKnownFileType = text.html; path = constitution_article_9_section_10.html; sourceTree = "<group>"; };
		164ED34C14A2082000C633C7 /* constitution_article_9_section_2.html */ = {isa = PBXFileReference; fileEncoding = 4; lastKnownFileType = text.html; path = constitution_article_9_section_2.html; sourceTree = "<group>"; };
		164ED34D14A2082000C633C7 /* constitution_article_9_section_3.html */ = {isa = PBXFileReference; fileEncoding = 4; lastKnownFileType = text.html; path = constitution_article_9_section_3.html; sourceTree = "<group>"; };
		164ED34E14A2082000C633C7 /* constitution_article_9_section_4.html */ = {isa = PBXFileReference; fileEncoding = 4; lastKnownFileType = text.html; path = constitution_article_9_section_4.html; sourceTree = "<group>"; };
		164ED34F14A2082000C633C7 /* constitution_article_9_section_5.html */ = {isa = PBXFileReference; fileEncoding = 4; lastKnownFileType = text.html; path = constitution_article_9_section_5.html; sourceTree = "<group>"; };
		164ED35014A2082000C633C7 /* constitution_article_9_section_6.html */ = {isa = PBXFileReference; fileEncoding = 4; lastKnownFileType = text.html; path = constitution_article_9_section_6.html; sourceTree = "<group>"; };
		164ED35114A2082000C633C7 /* constitution_article_9_section_7.html */ = {isa = PBXFileReference; fileEncoding = 4; lastKnownFileType = text.html; path = constitution_article_9_section_7.html; sourceTree = "<group>"; };
		164ED35214A2082000C633C7 /* constitution_article_9_section_8.html */ = {isa = PBXFileReference; fileEncoding = 4; lastKnownFileType = text.html; path = constitution_article_9_section_8.html; sourceTree = "<group>"; };
		164ED35314A2082000C633C7 /* constitution_article_9_section_9.html */ = {isa = PBXFileReference; fileEncoding = 4; lastKnownFileType = text.html; path = constitution_article_9_section_9.html; sourceTree = "<group>"; };
		164ED35514A2082000C633C7 /* constitution_preamble_index.html */ = {isa = PBXFileReference; fileEncoding = 4; lastKnownFileType = text.html; path = constitution_preamble_index.html; sourceTree = "<group>"; };
		167EF1D514A23DAA0058F8D1 /* BookViewController.h */ = {isa = PBXFileReference; fileEncoding = 4; lastKnownFileType = sourcecode.c.h; path = BookViewController.h; sourceTree = "<group>"; };
		167EF1D614A23DAA0058F8D1 /* BookViewController.m */ = {isa = PBXFileReference; fileEncoding = 4; lastKnownFileType = sourcecode.c.objc; path = BookViewController.m; sourceTree = "<group>"; };
		167EF1D914A23F790058F8D1 /* BookViewController.xib */ = {isa = PBXFileReference; fileEncoding = 4; lastKnownFileType = file.xib; path = BookViewController.xib; sourceTree = "<group>"; };
		167EF24014A24D250058F8D1 /* SectionListViewController.h */ = {isa = PBXFileReference; fileEncoding = 4; lastKnownFileType = sourcecode.c.h; path = SectionListViewController.h; sourceTree = "<group>"; };
		167EF24114A24D250058F8D1 /* SectionListViewController.m */ = {isa = PBXFileReference; fileEncoding = 4; lastKnownFileType = sourcecode.c.objc; path = SectionListViewController.m; sourceTree = "<group>"; };
		167EF24214A24D250058F8D1 /* SectionListViewController.xib */ = {isa = PBXFileReference; fileEncoding = 4; lastKnownFileType = file.xib; path = SectionListViewController.xib; sourceTree = "<group>"; };
		167EF24514A251320058F8D1 /* SectionContentViewController.h */ = {isa = PBXFileReference; fileEncoding = 4; lastKnownFileType = sourcecode.c.h; path = SectionContentViewController.h; sourceTree = "<group>"; };
		167EF24614A251320058F8D1 /* SectionContentViewController.m */ = {isa = PBXFileReference; fileEncoding = 4; lastKnownFileType = sourcecode.c.objc; path = SectionContentViewController.m; sourceTree = "<group>"; };
		167EF24714A251320058F8D1 /* SectionContentViewController.xib */ = {isa = PBXFileReference; fileEncoding = 4; lastKnownFileType = file.xib; path = SectionContentViewController.xib; sourceTree = "<group>"; };
		16DD4C9F14A10D200063163D /* PuertoRicoLaw.app */ = {isa = PBXFileReference; explicitFileType = wrapper.application; includeInIndex = 0; path = PuertoRicoLaw.app; sourceTree = BUILT_PRODUCTS_DIR; };
		16DD4CA314A10D200063163D /* UIKit.framework */ = {isa = PBXFileReference; lastKnownFileType = wrapper.framework; name = UIKit.framework; path = System/Library/Frameworks/UIKit.framework; sourceTree = SDKROOT; };
		16DD4CA514A10D200063163D /* Foundation.framework */ = {isa = PBXFileReference; lastKnownFileType = wrapper.framework; name = Foundation.framework; path = System/Library/Frameworks/Foundation.framework; sourceTree = SDKROOT; };
		16DD4CA714A10D200063163D /* CoreGraphics.framework */ = {isa = PBXFileReference; lastKnownFileType = wrapper.framework; name = CoreGraphics.framework; path = System/Library/Frameworks/CoreGraphics.framework; sourceTree = SDKROOT; };
		16DD4CAB14A10D200063163D /* PuertoRicoLaw-Info.plist */ = {isa = PBXFileReference; lastKnownFileType = text.plist.xml; path = "PuertoRicoLaw-Info.plist"; sourceTree = "<group>"; };
		16DD4CAD14A10D200063163D /* en */ = {isa = PBXFileReference; lastKnownFileType = text.plist.strings; name = en; path = en.lproj/InfoPlist.strings; sourceTree = "<group>"; };
		16DD4CAF14A10D200063163D /* main.m */ = {isa = PBXFileReference; lastKnownFileType = sourcecode.c.objc; path = main.m; sourceTree = "<group>"; };
		16DD4CB114A10D200063163D /* PuertoRicoLaw-Prefix.pch */ = {isa = PBXFileReference; lastKnownFileType = sourcecode.c.h; path = "PuertoRicoLaw-Prefix.pch"; sourceTree = "<group>"; };
		16DD4CB214A10D200063163D /* AppDelegate.h */ = {isa = PBXFileReference; lastKnownFileType = sourcecode.c.h; path = AppDelegate.h; sourceTree = "<group>"; };
		16DD4CB314A10D200063163D /* AppDelegate.m */ = {isa = PBXFileReference; lastKnownFileType = sourcecode.c.objc; path = AppDelegate.m; sourceTree = "<group>"; };
		16DD4D9714A10E190063163D /* PuertoRicoLawBooks.plist */ = {isa = PBXFileReference; fileEncoding = 4; lastKnownFileType = text.plist.xml; path = PuertoRicoLawBooks.plist; sourceTree = "<group>"; };
		16DD4DA714A1568B0063163D /* Book.h */ = {isa = PBXFileReference; fileEncoding = 4; lastKnownFileType = sourcecode.c.h; path = Book.h; sourceTree = "<group>"; };
		16DD4DA814A1568B0063163D /* Book.m */ = {isa = PBXFileReference; fileEncoding = 4; lastKnownFileType = sourcecode.c.objc; path = Book.m; sourceTree = "<group>"; };
		16DD4DAA14A1569F0063163D /* Section.h */ = {isa = PBXFileReference; fileEncoding = 4; lastKnownFileType = sourcecode.c.h; path = Section.h; sourceTree = "<group>"; };
		16DD4DAB14A1569F0063163D /* Section.m */ = {isa = PBXFileReference; fileEncoding = 4; lastKnownFileType = sourcecode.c.objc; path = Section.m; sourceTree = "<group>"; };
		16DD4DAE14A163640063163D /* Constants.h */ = {isa = PBXFileReference; fileEncoding = 4; lastKnownFileType = sourcecode.c.h; path = Constants.h; sourceTree = "<group>"; };
		16DD4DAF14A16D1E0063163D /* BookData.h */ = {isa = PBXFileReference; fileEncoding = 4; lastKnownFileType = sourcecode.c.h; path = BookData.h; sourceTree = "<group>"; };
		16DD4DB014A16D1E0063163D /* BookData.m */ = {isa = PBXFileReference; fileEncoding = 4; lastKnownFileType = sourcecode.c.objc; path = BookData.m; sourceTree = "<group>"; };
/* End PBXFileReference section */

/* Begin PBXFrameworksBuildPhase section */
		16DD4C9C14A10D200063163D /* Frameworks */ = {
			isa = PBXFrameworksBuildPhase;
			buildActionMask = 2147483647;
			files = (
				16DD4CA414A10D200063163D /* UIKit.framework in Frameworks */,
				16DD4CA614A10D200063163D /* Foundation.framework in Frameworks */,
				16DD4CA814A10D200063163D /* CoreGraphics.framework in Frameworks */,
			);
			runOnlyForDeploymentPostprocessing = 0;
		};
/* End PBXFrameworksBuildPhase section */

/* Begin PBXGroup section */
		1620F7FD14A196810070E512 /* Helpers */ = {
			isa = PBXGroup;
			children = (
				1620F7FF14A196910070E512 /* FileHelpers.h */,
				1620F80014A196910070E512 /* FileHelpers.m */,
			);
			name = Helpers;
			sourceTree = "<group>";
		};
		164ED2E314A2082000C633C7 /* constitution */ = {
			isa = PBXGroup;
			children = (
				164ED2E414A2082000C633C7 /* article_1 */,
				164ED2E914A2082000C633C7 /* article_2 */,
				164ED2FE14A2082000C633C7 /* article_3 */,
				164ED31514A2082000C633C7 /* article_4 */,
				164ED32014A2082000C633C7 /* article_5 */,
				164ED32E14A2082000C633C7 /* article_6 */,
				164ED34214A2082000C633C7 /* article_7 */,
				164ED34614A2082000C633C7 /* article_8 */,
				164ED34914A2082000C633C7 /* article_9 */,
				164ED35414A2082000C633C7 /* preamble */,
			);
			path = constitution;
			sourceTree = "<group>";
		};
		164ED2E414A2082000C633C7 /* article_1 */ = {
			isa = PBXGroup;
			children = (
				164ED2E514A2082000C633C7 /* constitution_article_1_section_1.html */,
				164ED2E614A2082000C633C7 /* constitution_article_1_section_2.html */,
				164ED2E714A2082000C633C7 /* constitution_article_1_section_3.html */,
				164ED2E814A2082000C633C7 /* constitution_article_1_section_4.html */,
			);
			path = article_1;
			sourceTree = "<group>";
		};
		164ED2E914A2082000C633C7 /* article_2 */ = {
			isa = PBXGroup;
			children = (
				164ED2EA14A2082000C633C7 /* constitution_article_2_section_1.html */,
				164ED2EB14A2082000C633C7 /* constitution_article_2_section_10.html */,
				164ED2EC14A2082000C633C7 /* constitution_article_2_section_11.html */,
				164ED2ED14A2082000C633C7 /* constitution_article_2_section_12.html */,
				164ED2EE14A2082000C633C7 /* constitution_article_2_section_13.html */,
				164ED2EF14A2082000C633C7 /* constitution_article_2_section_14.html */,
				164ED2F014A2082000C633C7 /* constitution_article_2_section_15.html */,
				164ED2F114A2082000C633C7 /* constitution_article_2_section_16.html */,
				164ED2F214A2082000C633C7 /* constitution_article_2_section_17.html */,
				164ED2F314A2082000C633C7 /* constitution_article_2_section_18.html */,
				164ED2F414A2082000C633C7 /* constitution_article_2_section_19.html */,
				164ED2F514A2082000C633C7 /* constitution_article_2_section_2.html */,
				164ED2F614A2082000C633C7 /* constitution_article_2_section_20.html */,
				164ED2F714A2082000C633C7 /* constitution_article_2_section_3.html */,
				164ED2F814A2082000C633C7 /* constitution_article_2_section_4.html */,
				164ED2F914A2082000C633C7 /* constitution_article_2_section_5.html */,
				164ED2FA14A2082000C633C7 /* constitution_article_2_section_6.html */,
				164ED2FB14A2082000C633C7 /* constitution_article_2_section_7.html */,
				164ED2FC14A2082000C633C7 /* constitution_article_2_section_8.html */,
				164ED2FD14A2082000C633C7 /* constitution_article_2_section_9.html */,
			);
			path = article_2;
			sourceTree = "<group>";
		};
		164ED2FE14A2082000C633C7 /* article_3 */ = {
			isa = PBXGroup;
			children = (
				164ED2FF14A2082000C633C7 /* constitution_article_3_section_1.html */,
				164ED30014A2082000C633C7 /* constitution_article_3_section_10.html */,
				164ED30114A2082000C633C7 /* constitution_article_3_section_11.html */,
				164ED30214A2082000C633C7 /* constitution_article_3_section_12.html */,
				164ED30314A2082000C633C7 /* constitution_article_3_section_13.html */,
				164ED30414A2082000C633C7 /* constitution_article_3_section_14.html */,
				164ED30514A2082000C633C7 /* constitution_article_3_section_15.html */,
				164ED30614A2082000C633C7 /* constitution_article_3_section_16.html */,
				164ED30714A2082000C633C7 /* constitution_article_3_section_17.html */,
				164ED30814A2082000C633C7 /* constitution_article_3_section_18.html */,
				164ED30914A2082000C633C7 /* constitution_article_3_section_19.html */,
				164ED30A14A2082000C633C7 /* constitution_article_3_section_2.html */,
				164ED30B14A2082000C633C7 /* constitution_article_3_section_20.html */,
				164ED30C14A2082000C633C7 /* constitution_article_3_section_21.html */,
				164ED30D14A2082000C633C7 /* constitution_article_3_section_22.html */,
				164ED30E14A2082000C633C7 /* constitution_article_3_section_3.html */,
				164ED30F14A2082000C633C7 /* constitution_article_3_section_4.html */,
				164ED31014A2082000C633C7 /* constitution_article_3_section_5.html */,
				164ED31114A2082000C633C7 /* constitution_article_3_section_6.html */,
				164ED31214A2082000C633C7 /* constitution_article_3_section_7.html */,
				164ED31314A2082000C633C7 /* constitution_article_3_section_8.html */,
				164ED31414A2082000C633C7 /* constitution_article_3_section_9.html */,
			);
			path = article_3;
			sourceTree = "<group>";
		};
		164ED31514A2082000C633C7 /* article_4 */ = {
			isa = PBXGroup;
			children = (
				164ED31614A2082000C633C7 /* constitution_article_4_section_1.html */,
				164ED31714A2082000C633C7 /* constitution_article_4_section_10.html */,
				164ED31814A2082000C633C7 /* constitution_article_4_section_2.html */,
				164ED31914A2082000C633C7 /* constitution_article_4_section_3.html */,
				164ED31A14A2082000C633C7 /* constitution_article_4_section_4.html */,
				164ED31B14A2082000C633C7 /* constitution_article_4_section_5.html */,
				164ED31C14A2082000C633C7 /* constitution_article_4_section_6.html */,
				164ED31D14A2082000C633C7 /* constitution_article_4_section_7.html */,
				164ED31E14A2082000C633C7 /* constitution_article_4_section_8.html */,
				164ED31F14A2082000C633C7 /* constitution_article_4_section_9.html */,
			);
			path = article_4;
			sourceTree = "<group>";
		};
		164ED32014A2082000C633C7 /* article_5 */ = {
			isa = PBXGroup;
			children = (
				164ED32114A2082000C633C7 /* constitution_article_5_section_1.html */,
				164ED32214A2082000C633C7 /* constitution_article_5_section_10.html */,
				164ED32314A2082000C633C7 /* constitution_article_5_section_11.html */,
				164ED32414A2082000C633C7 /* constitution_article_5_section_12.html */,
				164ED32514A2082000C633C7 /* constitution_article_5_section_13.html */,
				164ED32614A2082000C633C7 /* constitution_article_5_section_2.html */,
				164ED32714A2082000C633C7 /* constitution_article_5_section_3.html */,
				164ED32814A2082000C633C7 /* constitution_article_5_section_4.html */,
				164ED32914A2082000C633C7 /* constitution_article_5_section_5.html */,
				164ED32A14A2082000C633C7 /* constitution_article_5_section_6.html */,
				164ED32B14A2082000C633C7 /* constitution_article_5_section_7.html */,
				164ED32C14A2082000C633C7 /* constitution_article_5_section_8.html */,
				164ED32D14A2082000C633C7 /* constitution_article_5_section_9.html */,
			);
			path = article_5;
			sourceTree = "<group>";
		};
		164ED32E14A2082000C633C7 /* article_6 */ = {
			isa = PBXGroup;
			children = (
				164ED32F14A2082000C633C7 /* constitution_article_6_section_1.html */,
				164ED33014A2082000C633C7 /* constitution_article_6_section_10.html */,
				164ED33114A2082000C633C7 /* constitution_article_6_section_11.html */,
				164ED33214A2082000C633C7 /* constitution_article_6_section_12.html */,
				164ED33314A2082000C633C7 /* constitution_article_6_section_13.html */,
				164ED33414A2082000C633C7 /* constitution_article_6_section_14.html */,
				164ED33514A2082000C633C7 /* constitution_article_6_section_15.html */,
				164ED33614A2082000C633C7 /* constitution_article_6_section_16.html */,
				164ED33714A2082000C633C7 /* constitution_article_6_section_17.html */,
				164ED33814A2082000C633C7 /* constitution_article_6_section_18.html */,
				164ED33914A2082000C633C7 /* constitution_article_6_section_19.html */,
				164ED33A14A2082000C633C7 /* constitution_article_6_section_2.html */,
				164ED33B14A2082000C633C7 /* constitution_article_6_section_3.html */,
				164ED33C14A2082000C633C7 /* constitution_article_6_section_4.html */,
				164ED33D14A2082000C633C7 /* constitution_article_6_section_5.html */,
				164ED33E14A2082000C633C7 /* constitution_article_6_section_6.html */,
				164ED33F14A2082000C633C7 /* constitution_article_6_section_7.html */,
				164ED34014A2082000C633C7 /* constitution_article_6_section_8.html */,
				164ED34114A2082000C633C7 /* constitution_article_6_section_9.html */,
			);
			path = article_6;
			sourceTree = "<group>";
		};
		164ED34214A2082000C633C7 /* article_7 */ = {
			isa = PBXGroup;
			children = (
				164ED34314A2082000C633C7 /* constitution_article_7_section_1.html */,
				164ED34414A2082000C633C7 /* constitution_article_7_section_2.html */,
				164ED34514A2082000C633C7 /* constitution_article_7_section_3.html */,
			);
			path = article_7;
			sourceTree = "<group>";
		};
		164ED34614A2082000C633C7 /* article_8 */ = {
			isa = PBXGroup;
			children = (
				164ED34714A2082000C633C7 /* constitution_article_8_section_1.html */,
				164ED34814A2082000C633C7 /* constitution_article_8_section_2.html */,
			);
			path = article_8;
			sourceTree = "<group>";
		};
		164ED34914A2082000C633C7 /* article_9 */ = {
			isa = PBXGroup;
			children = (
				164ED34A14A2082000C633C7 /* constitution_article_9_section_1.html */,
				164ED34B14A2082000C633C7 /* constitution_article_9_section_10.html */,
				164ED34C14A2082000C633C7 /* constitution_article_9_section_2.html */,
				164ED34D14A2082000C633C7 /* constitution_article_9_section_3.html */,
				164ED34E14A2082000C633C7 /* constitution_article_9_section_4.html */,
				164ED34F14A2082000C633C7 /* constitution_article_9_section_5.html */,
				164ED35014A2082000C633C7 /* constitution_article_9_section_6.html */,
				164ED35114A2082000C633C7 /* constitution_article_9_section_7.html */,
				164ED35214A2082000C633C7 /* constitution_article_9_section_8.html */,
				164ED35314A2082000C633C7 /* constitution_article_9_section_9.html */,
			);
			path = article_9;
			sourceTree = "<group>";
		};
		164ED35414A2082000C633C7 /* preamble */ = {
			isa = PBXGroup;
			children = (
				164ED35514A2082000C633C7 /* constitution_preamble_index.html */,
			);
			path = preamble;
			sourceTree = "<group>";
		};
		167EF1D414A23D700058F8D1 /* Controllers */ = {
			isa = PBXGroup;
			children = (
				167EF1D514A23DAA0058F8D1 /* BookViewController.h */,
				167EF1D614A23DAA0058F8D1 /* BookViewController.m */,
				167EF24014A24D250058F8D1 /* SectionListViewController.h */,
				167EF24114A24D250058F8D1 /* SectionListViewController.m */,
				167EF24514A251320058F8D1 /* SectionContentViewController.h */,
				167EF24614A251320058F8D1 /* SectionContentViewController.m */,
			);
			name = Controllers;
			sourceTree = "<group>";
		};
		167EF1D814A23F570058F8D1 /* Views */ = {
			isa = PBXGroup;
			children = (
				167EF1D914A23F790058F8D1 /* BookViewController.xib */,
				167EF24214A24D250058F8D1 /* SectionListViewController.xib */,
				167EF24714A251320058F8D1 /* SectionContentViewController.xib */,
			);
			name = Views;
			sourceTree = "<group>";
		};
		16DD4C9414A10D200063163D = {
			isa = PBXGroup;
			children = (
				16DD4CA914A10D200063163D /* PuertoRicoLaw */,
				16DD4CA214A10D200063163D /* Frameworks */,
				16DD4CA014A10D200063163D /* Products */,
			);
			sourceTree = "<group>";
		};
		16DD4CA014A10D200063163D /* Products */ = {
			isa = PBXGroup;
			children = (
				16DD4C9F14A10D200063163D /* PuertoRicoLaw.app */,
			);
			name = Products;
			sourceTree = "<group>";
		};
		16DD4CA214A10D200063163D /* Frameworks */ = {
			isa = PBXGroup;
			children = (
				16DD4CA314A10D200063163D /* UIKit.framework */,
				16DD4CA514A10D200063163D /* Foundation.framework */,
				16DD4CA714A10D200063163D /* CoreGraphics.framework */,
			);
			name = Frameworks;
			sourceTree = "<group>";
		};
		16DD4CA914A10D200063163D /* PuertoRicoLaw */ = {
			isa = PBXGroup;
			children = (
				167EF1D814A23F570058F8D1 /* Views */,
				167EF1D414A23D700058F8D1 /* Controllers */,
				1620F7FD14A196810070E512 /* Helpers */,
				16DD4DAD14A1634A0063163D /* Constants */,
				16DD4DA614A156690063163D /* Model + Data */,
				16DD4CB214A10D200063163D /* AppDelegate.h */,
				16DD4CB314A10D200063163D /* AppDelegate.m */,
				16DD4CAA14A10D200063163D /* Supporting Files */,
			);
			path = PuertoRicoLaw;
			sourceTree = "<group>";
		};
		16DD4CAA14A10D200063163D /* Supporting Files */ = {
			isa = PBXGroup;
			children = (
				16DD4CBA14A10DB50063163D /* Resources */,
				16DD4CAB14A10D200063163D /* PuertoRicoLaw-Info.plist */,
				16DD4CAC14A10D200063163D /* InfoPlist.strings */,
				16DD4CAF14A10D200063163D /* main.m */,
				16DD4CB114A10D200063163D /* PuertoRicoLaw-Prefix.pch */,
			);
			name = "Supporting Files";
			sourceTree = "<group>";
		};
		16DD4CBA14A10DB50063163D /* Resources */ = {
			isa = PBXGroup;
			children = (
				16DD4CBB14A10DB50063163D /* Books */,
			);
			path = Resources;
			sourceTree = "<group>";
		};
		16DD4CBB14A10DB50063163D /* Books */ = {
			isa = PBXGroup;
			children = (
				164ED2E314A2082000C633C7 /* constitution */,
				164ED27914A201D700C633C7 /* Constitution.plist */,
				16DD4D9714A10E190063163D /* PuertoRicoLawBooks.plist */,
			);
			path = Books;
			sourceTree = "<group>";
		};
		16DD4DA614A156690063163D /* Model + Data */ = {
			isa = PBXGroup;
			children = (
				16DD4DA714A1568B0063163D /* Book.h */,
				16DD4DA814A1568B0063163D /* Book.m */,
				16DD4DAA14A1569F0063163D /* Section.h */,
				16DD4DAB14A1569F0063163D /* Section.m */,
				16DD4DAF14A16D1E0063163D /* BookData.h */,
				16DD4DB014A16D1E0063163D /* BookData.m */,
			);
			name = "Model + Data";
			sourceTree = "<group>";
		};
		16DD4DAD14A1634A0063163D /* Constants */ = {
			isa = PBXGroup;
			children = (
				16DD4DAE14A163640063163D /* Constants.h */,
			);
			name = Constants;
			sourceTree = "<group>";
		};
/* End PBXGroup section */

/* Begin PBXNativeTarget section */
		16DD4C9E14A10D200063163D /* PuertoRicoLaw */ = {
			isa = PBXNativeTarget;
			buildConfigurationList = 16DD4CB714A10D200063163D /* Build configuration list for PBXNativeTarget "PuertoRicoLaw" */;
			buildPhases = (
				16DD4C9B14A10D200063163D /* Sources */,
				16DD4C9C14A10D200063163D /* Frameworks */,
				16DD4C9D14A10D200063163D /* Resources */,
			);
			buildRules = (
			);
			dependencies = (
			);
			name = PuertoRicoLaw;
			productName = PuertoRicoLaw;
			productReference = 16DD4C9F14A10D200063163D /* PuertoRicoLaw.app */;
			productType = "com.apple.product-type.application";
		};
/* End PBXNativeTarget section */

/* Begin PBXProject section */
		16DD4C9614A10D200063163D /* Project object */ = {
			isa = PBXProject;
			attributes = {
				LastUpgradeCheck = 0420;
				ORGANIZATIONNAME = "Axel Rivera";
			};
			buildConfigurationList = 16DD4C9914A10D200063163D /* Build configuration list for PBXProject "PuertoRicoLaw" */;
			compatibilityVersion = "Xcode 3.2";
			developmentRegion = English;
			hasScannedForEncodings = 0;
			knownRegions = (
				en,
			);
			mainGroup = 16DD4C9414A10D200063163D;
			productRefGroup = 16DD4CA014A10D200063163D /* Products */;
			projectDirPath = "";
			projectRoot = "";
			targets = (
				16DD4C9E14A10D200063163D /* PuertoRicoLaw */,
			);
		};
/* End PBXProject section */

/* Begin PBXResourcesBuildPhase section */
		16DD4C9D14A10D200063163D /* Resources */ = {
			isa = PBXResourcesBuildPhase;
			buildActionMask = 2147483647;
			files = (
				16DD4CAE14A10D200063163D /* InfoPlist.strings in Resources */,
				16DD4D9814A10E190063163D /* PuertoRicoLawBooks.plist in Resources */,
				164ED2E214A201D700C633C7 /* Constitution.plist in Resources */,
				164ED35614A2082000C633C7 /* constitution_article_1_section_1.html in Resources */,
				164ED35714A2082000C633C7 /* constitution_article_1_section_2.html in Resources */,
				164ED35814A2082000C633C7 /* constitution_article_1_section_3.html in Resources */,
				164ED35914A2082000C633C7 /* constitution_article_1_section_4.html in Resources */,
				164ED35A14A2082000C633C7 /* constitution_article_2_section_1.html in Resources */,
				164ED35B14A2082000C633C7 /* constitution_article_2_section_10.html in Resources */,
				164ED35C14A2082000C633C7 /* constitution_article_2_section_11.html in Resources */,
				164ED35D14A2082000C633C7 /* constitution_article_2_section_12.html in Resources */,
				164ED35E14A2082000C633C7 /* constitution_article_2_section_13.html in Resources */,
				164ED35F14A2082000C633C7 /* constitution_article_2_section_14.html in Resources */,
				164ED36014A2082000C633C7 /* constitution_article_2_section_15.html in Resources */,
				164ED36114A2082000C633C7 /* constitution_article_2_section_16.html in Resources */,
				164ED36214A2082000C633C7 /* constitution_article_2_section_17.html in Resources */,
				164ED36314A2082000C633C7 /* constitution_article_2_section_18.html in Resources */,
				164ED36414A2082000C633C7 /* constitution_article_2_section_19.html in Resources */,
				164ED36514A2082000C633C7 /* constitution_article_2_section_2.html in Resources */,
				164ED36614A2082000C633C7 /* constitution_article_2_section_20.html in Resources */,
				164ED36714A2082000C633C7 /* constitution_article_2_section_3.html in Resources */,
				164ED36814A2082000C633C7 /* constitution_article_2_section_4.html in Resources */,
				164ED36914A2082000C633C7 /* constitution_article_2_section_5.html in Resources */,
				164ED36A14A2082000C633C7 /* constitution_article_2_section_6.html in Resources */,
				164ED36B14A2082000C633C7 /* constitution_article_2_section_7.html in Resources */,
				164ED36C14A2082000C633C7 /* constitution_article_2_section_8.html in Resources */,
				164ED36D14A2082000C633C7 /* constitution_article_2_section_9.html in Resources */,
				164ED36E14A2082000C633C7 /* constitution_article_3_section_1.html in Resources */,
				164ED36F14A2082000C633C7 /* constitution_article_3_section_10.html in Resources */,
				164ED37014A2082000C633C7 /* constitution_article_3_section_11.html in Resources */,
				164ED37114A2082000C633C7 /* constitution_article_3_section_12.html in Resources */,
				164ED37214A2082000C633C7 /* constitution_article_3_section_13.html in Resources */,
				164ED37314A2082000C633C7 /* constitution_article_3_section_14.html in Resources */,
				164ED37414A2082000C633C7 /* constitution_article_3_section_15.html in Resources */,
				164ED37514A2082000C633C7 /* constitution_article_3_section_16.html in Resources */,
				164ED37614A2082000C633C7 /* constitution_article_3_section_17.html in Resources */,
				164ED37714A2082000C633C7 /* constitution_article_3_section_18.html in Resources */,
				164ED37814A2082000C633C7 /* constitution_article_3_section_19.html in Resources */,
				164ED37914A2082000C633C7 /* constitution_article_3_section_2.html in Resources */,
				164ED37A14A2082000C633C7 /* constitution_article_3_section_20.html in Resources */,
				164ED37B14A2082000C633C7 /* constitution_article_3_section_21.html in Resources */,
				164ED37C14A2082000C633C7 /* constitution_article_3_section_22.html in Resources */,
				164ED37D14A2082000C633C7 /* constitution_article_3_section_3.html in Resources */,
				164ED37E14A2082000C633C7 /* constitution_article_3_section_4.html in Resources */,
				164ED37F14A2082000C633C7 /* constitution_article_3_section_5.html in Resources */,
				164ED38014A2082000C633C7 /* constitution_article_3_section_6.html in Resources */,
				164ED38114A2082000C633C7 /* constitution_article_3_section_7.html in Resources */,
				164ED38214A2082000C633C7 /* constitution_article_3_section_8.html in Resources */,
				164ED38314A2082000C633C7 /* constitution_article_3_section_9.html in Resources */,
				164ED38414A2082000C633C7 /* constitution_article_4_section_1.html in Resources */,
				164ED38514A2082000C633C7 /* constitution_article_4_section_10.html in Resources */,
				164ED38614A2082000C633C7 /* constitution_article_4_section_2.html in Resources */,
				164ED38714A2082000C633C7 /* constitution_article_4_section_3.html in Resources */,
				164ED38814A2082000C633C7 /* constitution_article_4_section_4.html in Resources */,
				164ED38914A2082000C633C7 /* constitution_article_4_section_5.html in Resources */,
				164ED38A14A2082000C633C7 /* constitution_article_4_section_6.html in Resources */,
				164ED38B14A2082000C633C7 /* constitution_article_4_section_7.html in Resources */,
				164ED38C14A2082000C633C7 /* constitution_article_4_section_8.html in Resources */,
				164ED38D14A2082000C633C7 /* constitution_article_4_section_9.html in Resources */,
				164ED38E14A2082000C633C7 /* constitution_article_5_section_1.html in Resources */,
				164ED38F14A2082000C633C7 /* constitution_article_5_section_10.html in Resources */,
				164ED39014A2082000C633C7 /* constitution_article_5_section_11.html in Resources */,
				164ED39114A2082000C633C7 /* constitution_article_5_section_12.html in Resources */,
				164ED39214A2082000C633C7 /* constitution_article_5_section_13.html in Resources */,
				164ED39314A2082000C633C7 /* constitution_article_5_section_2.html in Resources */,
				164ED39414A2082000C633C7 /* constitution_article_5_section_3.html in Resources */,
				164ED39514A2082000C633C7 /* constitution_article_5_section_4.html in Resources */,
				164ED39614A2082000C633C7 /* constitution_article_5_section_5.html in Resources */,
				164ED39714A2082000C633C7 /* constitution_article_5_section_6.html in Resources */,
				164ED39814A2082000C633C7 /* constitution_article_5_section_7.html in Resources */,
				164ED39914A2082000C633C7 /* constitution_article_5_section_8.html in Resources */,
				164ED39A14A2082000C633C7 /* constitution_article_5_section_9.html in Resources */,
				164ED39B14A2082000C633C7 /* constitution_article_6_section_1.html in Resources */,
				164ED39C14A2082000C633C7 /* constitution_article_6_section_10.html in Resources */,
				164ED39D14A2082000C633C7 /* constitution_article_6_section_11.html in Resources */,
				164ED39E14A2082000C633C7 /* constitution_article_6_section_12.html in Resources */,
				164ED39F14A2082000C633C7 /* constitution_article_6_section_13.html in Resources */,
				164ED3A014A2082000C633C7 /* constitution_article_6_section_14.html in Resources */,
				164ED3A114A2082000C633C7 /* constitution_article_6_section_15.html in Resources */,
				164ED3A214A2082000C633C7 /* constitution_article_6_section_16.html in Resources */,
				164ED3A314A2082000C633C7 /* constitution_article_6_section_17.html in Resources */,
				164ED3A414A2082000C633C7 /* constitution_article_6_section_18.html in Resources */,
				164ED3A514A2082000C633C7 /* constitution_article_6_section_19.html in Resources */,
				164ED3A614A2082000C633C7 /* constitution_article_6_section_2.html in Resources */,
				164ED3A714A2082000C633C7 /* constitution_article_6_section_3.html in Resources */,
				164ED3A814A2082000C633C7 /* constitution_article_6_section_4.html in Resources */,
				164ED3A914A2082000C633C7 /* constitution_article_6_section_5.html in Resources */,
				164ED3AA14A2082000C633C7 /* constitution_article_6_section_6.html in Resources */,
				164ED3AB14A2082000C633C7 /* constitution_article_6_section_7.html in Resources */,
				164ED3AC14A2082000C633C7 /* constitution_article_6_section_8.html in Resources */,
				164ED3AD14A2082000C633C7 /* constitution_article_6_section_9.html in Resources */,
				164ED3AE14A2082000C633C7 /* constitution_article_7_section_1.html in Resources */,
				164ED3AF14A2082000C633C7 /* constitution_article_7_section_2.html in Resources */,
				164ED3B014A2082000C633C7 /* constitution_article_7_section_3.html in Resources */,
				164ED3B114A2082000C633C7 /* constitution_article_8_section_1.html in Resources */,
				164ED3B214A2082000C633C7 /* constitution_article_8_section_2.html in Resources */,
				164ED3B314A2082000C633C7 /* constitution_article_9_section_1.html in Resources */,
				164ED3B414A2082000C633C7 /* constitution_article_9_section_10.html in Resources */,
				164ED3B514A2082000C633C7 /* constitution_article_9_section_2.html in Resources */,
				164ED3B614A2082000C633C7 /* constitution_article_9_section_3.html in Resources */,
				164ED3B714A2082000C633C7 /* constitution_article_9_section_4.html in Resources */,
				164ED3B814A2082000C633C7 /* constitution_article_9_section_5.html in Resources */,
				164ED3B914A2082000C633C7 /* constitution_article_9_section_6.html in Resources */,
				164ED3BA14A2082000C633C7 /* constitution_article_9_section_7.html in Resources */,
				164ED3BB14A2082000C633C7 /* constitution_article_9_section_8.html in Resources */,
				164ED3BC14A2082000C633C7 /* constitution_article_9_section_9.html in Resources */,
				164ED3BD14A2082000C633C7 /* constitution_preamble_index.html in Resources */,
				167EF1DA14A23F790058F8D1 /* BookViewController.xib in Resources */,
				167EF24414A24D250058F8D1 /* SectionListViewController.xib in Resources */,
				167EF24914A251320058F8D1 /* SectionContentViewController.xib in Resources */,
			);
			runOnlyForDeploymentPostprocessing = 0;
		};
/* End PBXResourcesBuildPhase section */

/* Begin PBXSourcesBuildPhase section */
		16DD4C9B14A10D200063163D /* Sources */ = {
			isa = PBXSourcesBuildPhase;
			buildActionMask = 2147483647;
			files = (
				16DD4CB014A10D200063163D /* main.m in Sources */,
				16DD4CB414A10D200063163D /* AppDelegate.m in Sources */,
				16DD4DA914A1568B0063163D /* Book.m in Sources */,
				16DD4DAC14A1569F0063163D /* Section.m in Sources */,
				16DD4DB114A16D1E0063163D /* BookData.m in Sources */,
				1620F80114A196910070E512 /* FileHelpers.m in Sources */,
				167EF1D714A23DAA0058F8D1 /* BookViewController.m in Sources */,
				167EF24314A24D250058F8D1 /* SectionListViewController.m in Sources */,
				167EF24814A251320058F8D1 /* SectionContentViewController.m in Sources */,
			);
			runOnlyForDeploymentPostprocessing = 0;
		};
/* End PBXSourcesBuildPhase section */

/* Begin PBXVariantGroup section */
		16DD4CAC14A10D200063163D /* InfoPlist.strings */ = {
			isa = PBXVariantGroup;
			children = (
				16DD4CAD14A10D200063163D /* en */,
			);
			name = InfoPlist.strings;
			sourceTree = "<group>";
		};
/* End PBXVariantGroup section */

/* Begin XCBuildConfiguration section */
		16DD4CB514A10D200063163D /* Debug */ = {
			isa = XCBuildConfiguration;
			buildSettings = {
				ALWAYS_SEARCH_USER_PATHS = NO;
				ARCHS = "$(ARCHS_STANDARD_32_BIT)";
				CLANG_ENABLE_OBJC_ARC = YES;
				"CODE_SIGN_IDENTITY[sdk=iphoneos*]" = "iPhone Developer";
				COPY_PHASE_STRIP = NO;
				GCC_C_LANGUAGE_STANDARD = gnu99;
				GCC_DYNAMIC_NO_PIC = NO;
				GCC_OPTIMIZATION_LEVEL = 0;
				GCC_PREPROCESSOR_DEFINITIONS = (
					"DEBUG=1",
					"$(inherited)",
				);
				GCC_SYMBOLS_PRIVATE_EXTERN = NO;
				GCC_VERSION = com.apple.compilers.llvm.clang.1_0;
				GCC_WARN_ABOUT_MISSING_PROTOTYPES = YES;
				GCC_WARN_ABOUT_RETURN_TYPE = YES;
				GCC_WARN_UNUSED_VARIABLE = YES;
				IPHONEOS_DEPLOYMENT_TARGET = 5.0;
				SDKROOT = iphoneos;
			};
			name = Debug;
		};
		16DD4CB614A10D200063163D /* Release */ = {
			isa = XCBuildConfiguration;
			buildSettings = {
				ALWAYS_SEARCH_USER_PATHS = NO;
				ARCHS = "$(ARCHS_STANDARD_32_BIT)";
				CLANG_ENABLE_OBJC_ARC = YES;
				"CODE_SIGN_IDENTITY[sdk=iphoneos*]" = "iPhone Developer";
				COPY_PHASE_STRIP = YES;
				GCC_C_LANGUAGE_STANDARD = gnu99;
				GCC_VERSION = com.apple.compilers.llvm.clang.1_0;
				GCC_WARN_ABOUT_MISSING_PROTOTYPES = YES;
				GCC_WARN_ABOUT_RETURN_TYPE = YES;
				GCC_WARN_UNUSED_VARIABLE = YES;
				IPHONEOS_DEPLOYMENT_TARGET = 5.0;
				OTHER_CFLAGS = "-DNS_BLOCK_ASSERTIONS=1";
				SDKROOT = iphoneos;
				VALIDATE_PRODUCT = YES;
			};
			name = Release;
		};
		16DD4CB814A10D200063163D /* Debug */ = {
			isa = XCBuildConfiguration;
			buildSettings = {
				GCC_PRECOMPILE_PREFIX_HEADER = YES;
				GCC_PREFIX_HEADER = "PuertoRicoLaw/PuertoRicoLaw-Prefix.pch";
				INFOPLIST_FILE = "PuertoRicoLaw/PuertoRicoLaw-Info.plist";
				PRODUCT_NAME = "$(TARGET_NAME)";
				WRAPPER_EXTENSION = app;
			};
			name = Debug;
		};
		16DD4CB914A10D200063163D /* Release */ = {
			isa = XCBuildConfiguration;
			buildSettings = {
				GCC_PRECOMPILE_PREFIX_HEADER = YES;
				GCC_PREFIX_HEADER = "PuertoRicoLaw/PuertoRicoLaw-Prefix.pch";
				INFOPLIST_FILE = "PuertoRicoLaw/PuertoRicoLaw-Info.plist";
				PRODUCT_NAME = "$(TARGET_NAME)";
				WRAPPER_EXTENSION = app;
			};
			name = Release;
		};
/* End XCBuildConfiguration section */

/* Begin XCConfigurationList section */
		16DD4C9914A10D200063163D /* Build configuration list for PBXProject "PuertoRicoLaw" */ = {
			isa = XCConfigurationList;
			buildConfigurations = (
				16DD4CB514A10D200063163D /* Debug */,
				16DD4CB614A10D200063163D /* Release */,
			);
			defaultConfigurationIsVisible = 0;
			defaultConfigurationName = Release;
		};
		16DD4CB714A10D200063163D /* Build configuration list for PBXNativeTarget "PuertoRicoLaw" */ = {
			isa = XCConfigurationList;
			buildConfigurations = (
				16DD4CB814A10D200063163D /* Debug */,
				16DD4CB914A10D200063163D /* Release */,
			);
			defaultConfigurationIsVisible = 0;
			defaultConfigurationName = Release;
		};
/* End XCConfigurationList section */
	};
	rootObject = 16DD4C9614A10D200063163D /* Project object */;
}
